
Microsoft Visual Studio Solution File, Format Version 12.00
# Visual Studio Version 17
VisualStudioVersion = 17.0.31903.59
MinimumVisualStudioVersion = 10.0.40219.1
Project("{2150E333-8FDC-42A3-9474-1A3956D46DE8}") = "src", "src", "{603BAE93-360B-4E29-9778-4D3F341F7EDE}"
EndProject
Project("{FAE04EC0-301F-11D3-BF4B-00C04F79EFBC}") = "Omnius.Core.Avalonia", "src\Omnius.Core.Avalonia\Omnius.Core.Avalonia.csproj", "{1BEAA4E9-E676-4EEA-86A6-2CB70F36CD53}"
EndProject
Project("{FAE04EC0-301F-11D3-BF4B-00C04F79EFBC}") = "Omnius.Core.Collections", "src\Omnius.Core.Collections\Omnius.Core.Collections.csproj", "{7C78A775-6FA4-4A09-A6C8-3622468059A8}"
EndProject
Project("{FAE04EC0-301F-11D3-BF4B-00C04F79EFBC}") = "Omnius.Core.Cryptography", "src\Omnius.Core.Cryptography\Omnius.Core.Cryptography.csproj", "{733A0907-609A-459C-9FCC-FCB02C25D46B}"
EndProject
Project("{FAE04EC0-301F-11D3-BF4B-00C04F79EFBC}") = "Omnius.Core.Net.Caps", "src\Omnius.Core.Net.Caps\Omnius.Core.Net.Caps.csproj", "{FD9112FD-C40F-4C1C-AFB2-867CA55C6845}"
EndProject
Project("{FAE04EC0-301F-11D3-BF4B-00C04F79EFBC}") = "Omnius.Core.Net.Connections", "src\Omnius.Core.Net.Connections\Omnius.Core.Net.Connections.csproj", "{6530A995-AB4E-482F-98C0-628B70588D01}"
EndProject
Project("{FAE04EC0-301F-11D3-BF4B-00C04F79EFBC}") = "Omnius.Core.Net.I2p", "src\Omnius.Core.Net.I2p\Omnius.Core.Net.I2p.csproj", "{2CF502FB-77FB-482C-8CCC-E4934577A3FC}"
EndProject
Project("{FAE04EC0-301F-11D3-BF4B-00C04F79EFBC}") = "Omnius.Core.Net.Proxies", "src\Omnius.Core.Net.Proxies\Omnius.Core.Net.Proxies.csproj", "{3A4ACF8D-8D11-4779-9322-82EB7CED4A9A}"
EndProject
Project("{FAE04EC0-301F-11D3-BF4B-00C04F79EFBC}") = "Omnius.Core.Net.Upnp", "src\Omnius.Core.Net.Upnp\Omnius.Core.Net.Upnp.csproj", "{72E508D7-D16A-4997-BA3C-E4CBCEB473B5}"
EndProject
Project("{FAE04EC0-301F-11D3-BF4B-00C04F79EFBC}") = "Omnius.Core.Net", "src\Omnius.Core.Net\Omnius.Core.Net.csproj", "{8D379D60-3E61-4A34-99FA-F20D84BE9F42}"
EndProject
Project("{FAE04EC0-301F-11D3-BF4B-00C04F79EFBC}") = "Omnius.Core.Pipelines", "src\Omnius.Core.Pipelines\Omnius.Core.Pipelines.csproj", "{B341F415-76B8-413F-9FC3-1537C92AEC0F}"
EndProject
Project("{FAE04EC0-301F-11D3-BF4B-00C04F79EFBC}") = "Omnius.Core.RocketPack.DefinitionCompiler", "src\Omnius.Core.RocketPack.DefinitionCompiler\Omnius.Core.RocketPack.DefinitionCompiler.csproj", "{1038AB4F-5AC3-469B-A2BB-458B99E52EBD}"
EndProject
Project("{FAE04EC0-301F-11D3-BF4B-00C04F79EFBC}") = "Omnius.Core.RocketPack.Remoting", "src\Omnius.Core.RocketPack.Remoting\Omnius.Core.RocketPack.Remoting.csproj", "{23E08AE3-A3B6-4FD9-8523-24CD02DF3397}"
EndProject
Project("{FAE04EC0-301F-11D3-BF4B-00C04F79EFBC}") = "Omnius.Core.RocketPack", "src\Omnius.Core.RocketPack\Omnius.Core.RocketPack.csproj", "{1368E8E7-33DC-42C9-88E6-FCB29DE5C1FF}"
EndProject
Project("{FAE04EC0-301F-11D3-BF4B-00C04F79EFBC}") = "Omnius.Core.Serialization", "src\Omnius.Core.Serialization\Omnius.Core.Serialization.csproj", "{0F5DBA5D-C4D5-44A4-8AA1-AF45C4AC9919}"
EndProject
Project("{FAE04EC0-301F-11D3-BF4B-00C04F79EFBC}") = "Omnius.Core.Sql", "src\Omnius.Core.Sql\Omnius.Core.Sql.csproj", "{9A5BD602-25DF-4BD7-9454-F2039E8CE906}"
EndProject
Project("{FAE04EC0-301F-11D3-BF4B-00C04F79EFBC}") = "Omnius.Core.Storages", "src\Omnius.Core.Storages\Omnius.Core.Storages.csproj", "{F25634D0-12EE-45A6-B8A2-262D2B681D63}"
EndProject
Project("{FAE04EC0-301F-11D3-BF4B-00C04F79EFBC}") = "Omnius.Core.Streams", "src\Omnius.Core.Streams\Omnius.Core.Streams.csproj", "{EF7973D0-5017-4BC2-A7E4-E6809E8F948D}"
EndProject
Project("{FAE04EC0-301F-11D3-BF4B-00C04F79EFBC}") = "Omnius.Core.Tasks", "src\Omnius.Core.Tasks\Omnius.Core.Tasks.csproj", "{CE3814AF-AA71-4B17-A6CA-500E6D6F3DB5}"
EndProject
Project("{FAE04EC0-301F-11D3-BF4B-00C04F79EFBC}") = "Omnius.Core.UnitTestToolkit", "src\Omnius.Core.UnitTestToolkit\Omnius.Core.UnitTestToolkit.csproj", "{B9270D38-EED6-4123-9C39-6BD7983B3E66}"
EndProject
Project("{FAE04EC0-301F-11D3-BF4B-00C04F79EFBC}") = "Omnius.Core.Utils", "src\Omnius.Core.Utils\Omnius.Core.Utils.csproj", "{6A08BDFE-F6C0-4995-B620-0CA490AE0802}"
EndProject
Project("{FAE04EC0-301F-11D3-BF4B-00C04F79EFBC}") = "Omnius.Core", "src\Omnius.Core\Omnius.Core.csproj", "{7BF697CC-5D22-44E6-AE01-4CBE40F9BA0C}"
EndProject
Project("{2150E333-8FDC-42A3-9474-1A3956D46DE8}") = "test", "test", "{7C29BC63-CFAE-4C52-A8D7-4C1BCD80E5C5}"
EndProject
Project("{FAE04EC0-301F-11D3-BF4B-00C04F79EFBC}") = "Omnius.Core.Cryptography.Tests", "test\Omnius.Core.Cryptography.Tests\Omnius.Core.Cryptography.Tests.csproj", "{3EF4EC7C-AE59-4B99-A90C-8C7E7B8924B3}"
EndProject
Project("{FAE04EC0-301F-11D3-BF4B-00C04F79EFBC}") = "Omnius.Core.Net.Connections.Tests", "test\Omnius.Core.Net.Connections.Tests\Omnius.Core.Net.Connections.Tests.csproj", "{0482E577-8D3D-4A93-BFC8-2D493DED200B}"
EndProject
Project("{FAE04EC0-301F-11D3-BF4B-00C04F79EFBC}") = "Omnius.Core.Net.I2p.Tests", "test\Omnius.Core.Net.I2p.Tests\Omnius.Core.Net.I2p.Tests.csproj", "{A4AE7891-7658-47D5-8C09-F39F24305A2F}"
EndProject
Project("{FAE04EC0-301F-11D3-BF4B-00C04F79EFBC}") = "Omnius.Core.Net.Tests", "test\Omnius.Core.Net.Tests\Omnius.Core.Net.Tests.csproj", "{7F291426-3675-4AFC-B036-EC292DDF390B}"
EndProject
Project("{FAE04EC0-301F-11D3-BF4B-00C04F79EFBC}") = "Omnius.Core.Net.Upnp.Tests", "test\Omnius.Core.Net.Upnp.Tests\Omnius.Core.Net.Upnp.Tests.csproj", "{BF354B7A-E625-42DA-B70F-11A174A51265}"
EndProject
Project("{FAE04EC0-301F-11D3-BF4B-00C04F79EFBC}") = "Omnius.Core.Pipelines.Tests", "test\Omnius.Core.Pipelines.Tests\Omnius.Core.Pipelines.Tests.csproj", "{497B5D12-4F9D-4222-B076-96776D72587F}"
EndProject
Project("{FAE04EC0-301F-11D3-BF4B-00C04F79EFBC}") = "Omnius.Core.RocketPack.DefinitionCompiler.Tests", "test\Omnius.Core.RocketPack.DefinitionCompiler.Tests\Omnius.Core.RocketPack.DefinitionCompiler.Tests.csproj", "{64F6DD8E-C034-4437-997C-72F30F03E77E}"
EndProject
Project("{FAE04EC0-301F-11D3-BF4B-00C04F79EFBC}") = "Omnius.Core.RocketPack.Remoting.Tests", "test\Omnius.Core.RocketPack.Remoting.Tests\Omnius.Core.RocketPack.Remoting.Tests.csproj", "{FC0FADA9-43AE-4A52-A3BD-988EBB4E7D53}"
EndProject
Project("{FAE04EC0-301F-11D3-BF4B-00C04F79EFBC}") = "Omnius.Core.RocketPack.Tests", "test\Omnius.Core.RocketPack.Tests\Omnius.Core.RocketPack.Tests.csproj", "{ACE36128-2EFD-41CF-ABB4-B482CD6D420F}"
EndProject
Project("{FAE04EC0-301F-11D3-BF4B-00C04F79EFBC}") = "Omnius.Core.Serialization.Tests", "test\Omnius.Core.Serialization.Tests\Omnius.Core.Serialization.Tests.csproj", "{1982512B-2A77-4F3C-9DB6-4654991F8117}"
EndProject
Project("{FAE04EC0-301F-11D3-BF4B-00C04F79EFBC}") = "Omnius.Core.Storages.Tests", "test\Omnius.Core.Storages.Tests\Omnius.Core.Storages.Tests.csproj", "{3091E9E4-8427-40FE-8B57-BD644DBEA69B}"
EndProject
Project("{FAE04EC0-301F-11D3-BF4B-00C04F79EFBC}") = "Omnius.Core.Streams.Tests", "test\Omnius.Core.Streams.Tests\Omnius.Core.Streams.Tests.csproj", "{09E02609-880E-4BE9-9CBF-E5C03742A045}"
EndProject
Project("{FAE04EC0-301F-11D3-BF4B-00C04F79EFBC}") = "Omnius.Core.Tests", "test\Omnius.Core.Tests\Omnius.Core.Tests.csproj", "{94AEA463-DE36-49B6-91E2-2F4E2739B72D}"
EndProject
Global
	GlobalSection(SolutionConfigurationPlatforms) = preSolution
		Debug|Any CPU = Debug|Any CPU
		Release|Any CPU = Release|Any CPU
	EndGlobalSection
	GlobalSection(SolutionProperties) = preSolution
		HideSolutionNode = FALSE
	EndGlobalSection
	GlobalSection(ProjectConfigurationPlatforms) = postSolution
		{1BEAA4E9-E676-4EEA-86A6-2CB70F36CD53}.Debug|Any CPU.ActiveCfg = Debug|Any CPU
		{1BEAA4E9-E676-4EEA-86A6-2CB70F36CD53}.Debug|Any CPU.Build.0 = Debug|Any CPU
		{1BEAA4E9-E676-4EEA-86A6-2CB70F36CD53}.Release|Any CPU.ActiveCfg = Release|Any CPU
		{1BEAA4E9-E676-4EEA-86A6-2CB70F36CD53}.Release|Any CPU.Build.0 = Release|Any CPU
		{7C78A775-6FA4-4A09-A6C8-3622468059A8}.Debug|Any CPU.ActiveCfg = Debug|Any CPU
		{7C78A775-6FA4-4A09-A6C8-3622468059A8}.Debug|Any CPU.Build.0 = Debug|Any CPU
		{7C78A775-6FA4-4A09-A6C8-3622468059A8}.Release|Any CPU.ActiveCfg = Release|Any CPU
		{7C78A775-6FA4-4A09-A6C8-3622468059A8}.Release|Any CPU.Build.0 = Release|Any CPU
		{733A0907-609A-459C-9FCC-FCB02C25D46B}.Debug|Any CPU.ActiveCfg = Debug|Any CPU
		{733A0907-609A-459C-9FCC-FCB02C25D46B}.Debug|Any CPU.Build.0 = Debug|Any CPU
		{733A0907-609A-459C-9FCC-FCB02C25D46B}.Release|Any CPU.ActiveCfg = Release|Any CPU
		{733A0907-609A-459C-9FCC-FCB02C25D46B}.Release|Any CPU.Build.0 = Release|Any CPU
		{FD9112FD-C40F-4C1C-AFB2-867CA55C6845}.Debug|Any CPU.ActiveCfg = Debug|Any CPU
		{FD9112FD-C40F-4C1C-AFB2-867CA55C6845}.Debug|Any CPU.Build.0 = Debug|Any CPU
		{FD9112FD-C40F-4C1C-AFB2-867CA55C6845}.Release|Any CPU.ActiveCfg = Release|Any CPU
		{FD9112FD-C40F-4C1C-AFB2-867CA55C6845}.Release|Any CPU.Build.0 = Release|Any CPU
		{6530A995-AB4E-482F-98C0-628B70588D01}.Debug|Any CPU.ActiveCfg = Debug|Any CPU
		{6530A995-AB4E-482F-98C0-628B70588D01}.Debug|Any CPU.Build.0 = Debug|Any CPU
		{6530A995-AB4E-482F-98C0-628B70588D01}.Release|Any CPU.ActiveCfg = Release|Any CPU
		{6530A995-AB4E-482F-98C0-628B70588D01}.Release|Any CPU.Build.0 = Release|Any CPU
		{2CF502FB-77FB-482C-8CCC-E4934577A3FC}.Debug|Any CPU.ActiveCfg = Debug|Any CPU
		{2CF502FB-77FB-482C-8CCC-E4934577A3FC}.Debug|Any CPU.Build.0 = Debug|Any CPU
		{2CF502FB-77FB-482C-8CCC-E4934577A3FC}.Release|Any CPU.ActiveCfg = Release|Any CPU
		{2CF502FB-77FB-482C-8CCC-E4934577A3FC}.Release|Any CPU.Build.0 = Release|Any CPU
		{3A4ACF8D-8D11-4779-9322-82EB7CED4A9A}.Debug|Any CPU.ActiveCfg = Debug|Any CPU
		{3A4ACF8D-8D11-4779-9322-82EB7CED4A9A}.Debug|Any CPU.Build.0 = Debug|Any CPU
		{3A4ACF8D-8D11-4779-9322-82EB7CED4A9A}.Release|Any CPU.ActiveCfg = Release|Any CPU
		{3A4ACF8D-8D11-4779-9322-82EB7CED4A9A}.Release|Any CPU.Build.0 = Release|Any CPU
		{72E508D7-D16A-4997-BA3C-E4CBCEB473B5}.Debug|Any CPU.ActiveCfg = Debug|Any CPU
		{72E508D7-D16A-4997-BA3C-E4CBCEB473B5}.Debug|Any CPU.Build.0 = Debug|Any CPU
		{72E508D7-D16A-4997-BA3C-E4CBCEB473B5}.Release|Any CPU.ActiveCfg = Release|Any CPU
		{72E508D7-D16A-4997-BA3C-E4CBCEB473B5}.Release|Any CPU.Build.0 = Release|Any CPU
		{8D379D60-3E61-4A34-99FA-F20D84BE9F42}.Debug|Any CPU.ActiveCfg = Debug|Any CPU
		{8D379D60-3E61-4A34-99FA-F20D84BE9F42}.Debug|Any CPU.Build.0 = Debug|Any CPU
		{8D379D60-3E61-4A34-99FA-F20D84BE9F42}.Release|Any CPU.ActiveCfg = Release|Any CPU
		{8D379D60-3E61-4A34-99FA-F20D84BE9F42}.Release|Any CPU.Build.0 = Release|Any CPU
		{B341F415-76B8-413F-9FC3-1537C92AEC0F}.Debug|Any CPU.ActiveCfg = Debug|Any CPU
		{B341F415-76B8-413F-9FC3-1537C92AEC0F}.Debug|Any CPU.Build.0 = Debug|Any CPU
		{B341F415-76B8-413F-9FC3-1537C92AEC0F}.Release|Any CPU.ActiveCfg = Release|Any CPU
		{B341F415-76B8-413F-9FC3-1537C92AEC0F}.Release|Any CPU.Build.0 = Release|Any CPU
		{1038AB4F-5AC3-469B-A2BB-458B99E52EBD}.Debug|Any CPU.ActiveCfg = Debug|Any CPU
		{1038AB4F-5AC3-469B-A2BB-458B99E52EBD}.Debug|Any CPU.Build.0 = Debug|Any CPU
		{1038AB4F-5AC3-469B-A2BB-458B99E52EBD}.Release|Any CPU.ActiveCfg = Release|Any CPU
		{1038AB4F-5AC3-469B-A2BB-458B99E52EBD}.Release|Any CPU.Build.0 = Release|Any CPU
		{23E08AE3-A3B6-4FD9-8523-24CD02DF3397}.Debug|Any CPU.ActiveCfg = Debug|Any CPU
		{23E08AE3-A3B6-4FD9-8523-24CD02DF3397}.Debug|Any CPU.Build.0 = Debug|Any CPU
		{23E08AE3-A3B6-4FD9-8523-24CD02DF3397}.Release|Any CPU.ActiveCfg = Release|Any CPU
		{23E08AE3-A3B6-4FD9-8523-24CD02DF3397}.Release|Any CPU.Build.0 = Release|Any CPU
		{1368E8E7-33DC-42C9-88E6-FCB29DE5C1FF}.Debug|Any CPU.ActiveCfg = Debug|Any CPU
		{1368E8E7-33DC-42C9-88E6-FCB29DE5C1FF}.Debug|Any CPU.Build.0 = Debug|Any CPU
		{1368E8E7-33DC-42C9-88E6-FCB29DE5C1FF}.Release|Any CPU.ActiveCfg = Release|Any CPU
		{1368E8E7-33DC-42C9-88E6-FCB29DE5C1FF}.Release|Any CPU.Build.0 = Release|Any CPU
		{0F5DBA5D-C4D5-44A4-8AA1-AF45C4AC9919}.Debug|Any CPU.ActiveCfg = Debug|Any CPU
		{0F5DBA5D-C4D5-44A4-8AA1-AF45C4AC9919}.Debug|Any CPU.Build.0 = Debug|Any CPU
		{0F5DBA5D-C4D5-44A4-8AA1-AF45C4AC9919}.Release|Any CPU.ActiveCfg = Release|Any CPU
		{0F5DBA5D-C4D5-44A4-8AA1-AF45C4AC9919}.Release|Any CPU.Build.0 = Release|Any CPU
		{9A5BD602-25DF-4BD7-9454-F2039E8CE906}.Debug|Any CPU.ActiveCfg = Debug|Any CPU
		{9A5BD602-25DF-4BD7-9454-F2039E8CE906}.Debug|Any CPU.Build.0 = Debug|Any CPU
		{9A5BD602-25DF-4BD7-9454-F2039E8CE906}.Release|Any CPU.ActiveCfg = Release|Any CPU
		{9A5BD602-25DF-4BD7-9454-F2039E8CE906}.Release|Any CPU.Build.0 = Release|Any CPU
		{F25634D0-12EE-45A6-B8A2-262D2B681D63}.Debug|Any CPU.ActiveCfg = Debug|Any CPU
		{F25634D0-12EE-45A6-B8A2-262D2B681D63}.Debug|Any CPU.Build.0 = Debug|Any CPU
		{F25634D0-12EE-45A6-B8A2-262D2B681D63}.Release|Any CPU.ActiveCfg = Release|Any CPU
		{F25634D0-12EE-45A6-B8A2-262D2B681D63}.Release|Any CPU.Build.0 = Release|Any CPU
		{EF7973D0-5017-4BC2-A7E4-E6809E8F948D}.Debug|Any CPU.ActiveCfg = Debug|Any CPU
		{EF7973D0-5017-4BC2-A7E4-E6809E8F948D}.Debug|Any CPU.Build.0 = Debug|Any CPU
		{EF7973D0-5017-4BC2-A7E4-E6809E8F948D}.Release|Any CPU.ActiveCfg = Release|Any CPU
		{EF7973D0-5017-4BC2-A7E4-E6809E8F948D}.Release|Any CPU.Build.0 = Release|Any CPU
		{CE3814AF-AA71-4B17-A6CA-500E6D6F3DB5}.Debug|Any CPU.ActiveCfg = Debug|Any CPU
		{CE3814AF-AA71-4B17-A6CA-500E6D6F3DB5}.Debug|Any CPU.Build.0 = Debug|Any CPU
		{CE3814AF-AA71-4B17-A6CA-500E6D6F3DB5}.Release|Any CPU.ActiveCfg = Release|Any CPU
		{CE3814AF-AA71-4B17-A6CA-500E6D6F3DB5}.Release|Any CPU.Build.0 = Release|Any CPU
		{B9270D38-EED6-4123-9C39-6BD7983B3E66}.Debug|Any CPU.ActiveCfg = Debug|Any CPU
		{B9270D38-EED6-4123-9C39-6BD7983B3E66}.Debug|Any CPU.Build.0 = Debug|Any CPU
		{B9270D38-EED6-4123-9C39-6BD7983B3E66}.Release|Any CPU.ActiveCfg = Release|Any CPU
		{B9270D38-EED6-4123-9C39-6BD7983B3E66}.Release|Any CPU.Build.0 = Release|Any CPU
		{6A08BDFE-F6C0-4995-B620-0CA490AE0802}.Debug|Any CPU.ActiveCfg = Debug|Any CPU
		{6A08BDFE-F6C0-4995-B620-0CA490AE0802}.Debug|Any CPU.Build.0 = Debug|Any CPU
		{6A08BDFE-F6C0-4995-B620-0CA490AE0802}.Release|Any CPU.ActiveCfg = Release|Any CPU
		{6A08BDFE-F6C0-4995-B620-0CA490AE0802}.Release|Any CPU.Build.0 = Release|Any CPU
		{7BF697CC-5D22-44E6-AE01-4CBE40F9BA0C}.Debug|Any CPU.ActiveCfg = Debug|Any CPU
		{7BF697CC-5D22-44E6-AE01-4CBE40F9BA0C}.Debug|Any CPU.Build.0 = Debug|Any CPU
		{7BF697CC-5D22-44E6-AE01-4CBE40F9BA0C}.Release|Any CPU.ActiveCfg = Release|Any CPU
		{7BF697CC-5D22-44E6-AE01-4CBE40F9BA0C}.Release|Any CPU.Build.0 = Release|Any CPU
		{3EF4EC7C-AE59-4B99-A90C-8C7E7B8924B3}.Debug|Any CPU.ActiveCfg = Debug|Any CPU
		{3EF4EC7C-AE59-4B99-A90C-8C7E7B8924B3}.Debug|Any CPU.Build.0 = Debug|Any CPU
		{3EF4EC7C-AE59-4B99-A90C-8C7E7B8924B3}.Release|Any CPU.ActiveCfg = Release|Any CPU
		{3EF4EC7C-AE59-4B99-A90C-8C7E7B8924B3}.Release|Any CPU.Build.0 = Release|Any CPU
		{0482E577-8D3D-4A93-BFC8-2D493DED200B}.Debug|Any CPU.ActiveCfg = Debug|Any CPU
		{0482E577-8D3D-4A93-BFC8-2D493DED200B}.Debug|Any CPU.Build.0 = Debug|Any CPU
		{0482E577-8D3D-4A93-BFC8-2D493DED200B}.Release|Any CPU.ActiveCfg = Release|Any CPU
		{0482E577-8D3D-4A93-BFC8-2D493DED200B}.Release|Any CPU.Build.0 = Release|Any CPU
		{A4AE7891-7658-47D5-8C09-F39F24305A2F}.Debug|Any CPU.ActiveCfg = Debug|Any CPU
		{A4AE7891-7658-47D5-8C09-F39F24305A2F}.Debug|Any CPU.Build.0 = Debug|Any CPU
		{A4AE7891-7658-47D5-8C09-F39F24305A2F}.Release|Any CPU.ActiveCfg = Release|Any CPU
		{A4AE7891-7658-47D5-8C09-F39F24305A2F}.Release|Any CPU.Build.0 = Release|Any CPU
		{7F291426-3675-4AFC-B036-EC292DDF390B}.Debug|Any CPU.ActiveCfg = Debug|Any CPU
		{7F291426-3675-4AFC-B036-EC292DDF390B}.Debug|Any CPU.Build.0 = Debug|Any CPU
		{7F291426-3675-4AFC-B036-EC292DDF390B}.Release|Any CPU.ActiveCfg = Release|Any CPU
		{7F291426-3675-4AFC-B036-EC292DDF390B}.Release|Any CPU.Build.0 = Release|Any CPU
		{BF354B7A-E625-42DA-B70F-11A174A51265}.Debug|Any CPU.ActiveCfg = Debug|Any CPU
		{BF354B7A-E625-42DA-B70F-11A174A51265}.Debug|Any CPU.Build.0 = Debug|Any CPU
		{BF354B7A-E625-42DA-B70F-11A174A51265}.Release|Any CPU.ActiveCfg = Release|Any CPU
		{BF354B7A-E625-42DA-B70F-11A174A51265}.Release|Any CPU.Build.0 = Release|Any CPU
		{497B5D12-4F9D-4222-B076-96776D72587F}.Debug|Any CPU.ActiveCfg = Debug|Any CPU
		{497B5D12-4F9D-4222-B076-96776D72587F}.Debug|Any CPU.Build.0 = Debug|Any CPU
		{497B5D12-4F9D-4222-B076-96776D72587F}.Release|Any CPU.ActiveCfg = Release|Any CPU
		{497B5D12-4F9D-4222-B076-96776D72587F}.Release|Any CPU.Build.0 = Release|Any CPU
		{64F6DD8E-C034-4437-997C-72F30F03E77E}.Debug|Any CPU.ActiveCfg = Debug|Any CPU
		{64F6DD8E-C034-4437-997C-72F30F03E77E}.Debug|Any CPU.Build.0 = Debug|Any CPU
		{64F6DD8E-C034-4437-997C-72F30F03E77E}.Release|Any CPU.ActiveCfg = Release|Any CPU
		{64F6DD8E-C034-4437-997C-72F30F03E77E}.Release|Any CPU.Build.0 = Release|Any CPU
		{FC0FADA9-43AE-4A52-A3BD-988EBB4E7D53}.Debug|Any CPU.ActiveCfg = Debug|Any CPU
		{FC0FADA9-43AE-4A52-A3BD-988EBB4E7D53}.Debug|Any CPU.Build.0 = Debug|Any CPU
		{FC0FADA9-43AE-4A52-A3BD-988EBB4E7D53}.Release|Any CPU.ActiveCfg = Release|Any CPU
		{FC0FADA9-43AE-4A52-A3BD-988EBB4E7D53}.Release|Any CPU.Build.0 = Release|Any CPU
		{ACE36128-2EFD-41CF-ABB4-B482CD6D420F}.Debug|Any CPU.ActiveCfg = Debug|Any CPU
		{ACE36128-2EFD-41CF-ABB4-B482CD6D420F}.Debug|Any CPU.Build.0 = Debug|Any CPU
		{ACE36128-2EFD-41CF-ABB4-B482CD6D420F}.Release|Any CPU.ActiveCfg = Release|Any CPU
		{ACE36128-2EFD-41CF-ABB4-B482CD6D420F}.Release|Any CPU.Build.0 = Release|Any CPU
		{1982512B-2A77-4F3C-9DB6-4654991F8117}.Debug|Any CPU.ActiveCfg = Debug|Any CPU
		{1982512B-2A77-4F3C-9DB6-4654991F8117}.Debug|Any CPU.Build.0 = Debug|Any CPU
		{1982512B-2A77-4F3C-9DB6-4654991F8117}.Release|Any CPU.ActiveCfg = Release|Any CPU
		{1982512B-2A77-4F3C-9DB6-4654991F8117}.Release|Any CPU.Build.0 = Release|Any CPU
		{3091E9E4-8427-40FE-8B57-BD644DBEA69B}.Debug|Any CPU.ActiveCfg = Debug|Any CPU
		{3091E9E4-8427-40FE-8B57-BD644DBEA69B}.Debug|Any CPU.Build.0 = Debug|Any CPU
		{3091E9E4-8427-40FE-8B57-BD644DBEA69B}.Release|Any CPU.ActiveCfg = Release|Any CPU
		{3091E9E4-8427-40FE-8B57-BD644DBEA69B}.Release|Any CPU.Build.0 = Release|Any CPU
		{09E02609-880E-4BE9-9CBF-E5C03742A045}.Debug|Any CPU.ActiveCfg = Debug|Any CPU
		{09E02609-880E-4BE9-9CBF-E5C03742A045}.Debug|Any CPU.Build.0 = Debug|Any CPU
		{09E02609-880E-4BE9-9CBF-E5C03742A045}.Release|Any CPU.ActiveCfg = Release|Any CPU
		{09E02609-880E-4BE9-9CBF-E5C03742A045}.Release|Any CPU.Build.0 = Release|Any CPU
		{94AEA463-DE36-49B6-91E2-2F4E2739B72D}.Debug|Any CPU.ActiveCfg = Debug|Any CPU
		{94AEA463-DE36-49B6-91E2-2F4E2739B72D}.Debug|Any CPU.Build.0 = Debug|Any CPU
		{94AEA463-DE36-49B6-91E2-2F4E2739B72D}.Release|Any CPU.ActiveCfg = Release|Any CPU
		{94AEA463-DE36-49B6-91E2-2F4E2739B72D}.Release|Any CPU.Build.0 = Release|Any CPU
	EndGlobalSection
	GlobalSection(NestedProjects) = preSolution
		{1BEAA4E9-E676-4EEA-86A6-2CB70F36CD53} = {603BAE93-360B-4E29-9778-4D3F341F7EDE}
		{7C78A775-6FA4-4A09-A6C8-3622468059A8} = {603BAE93-360B-4E29-9778-4D3F341F7EDE}
		{733A0907-609A-459C-9FCC-FCB02C25D46B} = {603BAE93-360B-4E29-9778-4D3F341F7EDE}
		{FD9112FD-C40F-4C1C-AFB2-867CA55C6845} = {603BAE93-360B-4E29-9778-4D3F341F7EDE}
		{6530A995-AB4E-482F-98C0-628B70588D01} = {603BAE93-360B-4E29-9778-4D3F341F7EDE}
		{2CF502FB-77FB-482C-8CCC-E4934577A3FC} = {603BAE93-360B-4E29-9778-4D3F341F7EDE}
		{3A4ACF8D-8D11-4779-9322-82EB7CED4A9A} = {603BAE93-360B-4E29-9778-4D3F341F7EDE}
		{72E508D7-D16A-4997-BA3C-E4CBCEB473B5} = {603BAE93-360B-4E29-9778-4D3F341F7EDE}
		{8D379D60-3E61-4A34-99FA-F20D84BE9F42} = {603BAE93-360B-4E29-9778-4D3F341F7EDE}
		{B341F415-76B8-413F-9FC3-1537C92AEC0F} = {603BAE93-360B-4E29-9778-4D3F341F7EDE}
		{1038AB4F-5AC3-469B-A2BB-458B99E52EBD} = {603BAE93-360B-4E29-9778-4D3F341F7EDE}
		{23E08AE3-A3B6-4FD9-8523-24CD02DF3397} = {603BAE93-360B-4E29-9778-4D3F341F7EDE}
		{1368E8E7-33DC-42C9-88E6-FCB29DE5C1FF} = {603BAE93-360B-4E29-9778-4D3F341F7EDE}
		{0F5DBA5D-C4D5-44A4-8AA1-AF45C4AC9919} = {603BAE93-360B-4E29-9778-4D3F341F7EDE}
		{9A5BD602-25DF-4BD7-9454-F2039E8CE906} = {603BAE93-360B-4E29-9778-4D3F341F7EDE}
		{F25634D0-12EE-45A6-B8A2-262D2B681D63} = {603BAE93-360B-4E29-9778-4D3F341F7EDE}
		{EF7973D0-5017-4BC2-A7E4-E6809E8F948D} = {603BAE93-360B-4E29-9778-4D3F341F7EDE}
		{CE3814AF-AA71-4B17-A6CA-500E6D6F3DB5} = {603BAE93-360B-4E29-9778-4D3F341F7EDE}
		{B9270D38-EED6-4123-9C39-6BD7983B3E66} = {603BAE93-360B-4E29-9778-4D3F341F7EDE}
		{6A08BDFE-F6C0-4995-B620-0CA490AE0802} = {603BAE93-360B-4E29-9778-4D3F341F7EDE}
		{7BF697CC-5D22-44E6-AE01-4CBE40F9BA0C} = {603BAE93-360B-4E29-9778-4D3F341F7EDE}
		{3EF4EC7C-AE59-4B99-A90C-8C7E7B8924B3} = {7C29BC63-CFAE-4C52-A8D7-4C1BCD80E5C5}
		{0482E577-8D3D-4A93-BFC8-2D493DED200B} = {7C29BC63-CFAE-4C52-A8D7-4C1BCD80E5C5}
		{A4AE7891-7658-47D5-8C09-F39F24305A2F} = {7C29BC63-CFAE-4C52-A8D7-4C1BCD80E5C5}
		{7F291426-3675-4AFC-B036-EC292DDF390B} = {7C29BC63-CFAE-4C52-A8D7-4C1BCD80E5C5}
		{BF354B7A-E625-42DA-B70F-11A174A51265} = {7C29BC63-CFAE-4C52-A8D7-4C1BCD80E5C5}
		{497B5D12-4F9D-4222-B076-96776D72587F} = {7C29BC63-CFAE-4C52-A8D7-4C1BCD80E5C5}
		{64F6DD8E-C034-4437-997C-72F30F03E77E} = {7C29BC63-CFAE-4C52-A8D7-4C1BCD80E5C5}
		{FC0FADA9-43AE-4A52-A3BD-988EBB4E7D53} = {7C29BC63-CFAE-4C52-A8D7-4C1BCD80E5C5}
		{ACE36128-2EFD-41CF-ABB4-B482CD6D420F} = {7C29BC63-CFAE-4C52-A8D7-4C1BCD80E5C5}
		{1982512B-2A77-4F3C-9DB6-4654991F8117} = {7C29BC63-CFAE-4C52-A8D7-4C1BCD80E5C5}
		{3091E9E4-8427-40FE-8B57-BD644DBEA69B} = {7C29BC63-CFAE-4C52-A8D7-4C1BCD80E5C5}
		{09E02609-880E-4BE9-9CBF-E5C03742A045} = {7C29BC63-CFAE-4C52-A8D7-4C1BCD80E5C5}
		{94AEA463-DE36-49B6-91E2-2F4E2739B72D} = {7C29BC63-CFAE-4C52-A8D7-4C1BCD80E5C5}
	EndGlobalSection
EndGlobal
