
Microsoft Visual Studio Solution File, Format Version 12.00
# Visual Studio 15
VisualStudioVersion = 15.0.26124.0
MinimumVisualStudioVersion = 15.0.26124.0
Project("{2150E333-8FDC-42A3-9474-1A3956D46DE8}") = "src", "src", "{62D0BB84-4EB4-4D9F-98A8-3DB58A2D0E0F}"
EndProject
Project("{FAE04EC0-301F-11D3-BF4B-00C04F79EFBC}") = "Omnius.Core.Collections", "src\Omnius.Core.Collections\Omnius.Core.Collections.csproj", "{D7FE9B5A-A011-4411-939F-A981230F55A4}"
EndProject
Project("{FAE04EC0-301F-11D3-BF4B-00C04F79EFBC}") = "Omnius.Core.Cryptography", "src\Omnius.Core.Cryptography\Omnius.Core.Cryptography.csproj", "{C0E59E7F-E086-4320-B90C-4AEA388453E6}"
EndProject
Project("{FAE04EC0-301F-11D3-BF4B-00C04F79EFBC}") = "Omnius.Core.Io", "src\Omnius.Core.Io\Omnius.Core.Io.csproj", "{8E7A17B7-E2C0-42ED-9A9E-0B383575B5E8}"
EndProject
Project("{FAE04EC0-301F-11D3-BF4B-00C04F79EFBC}") = "Omnius.Core.Network.Proxies", "src\Omnius.Core.Network.Proxies\Omnius.Core.Network.Proxies.csproj", "{A33458EF-AC6D-4A98-BF94-EF258397DA57}"
EndProject
Project("{FAE04EC0-301F-11D3-BF4B-00C04F79EFBC}") = "Omnius.Core.Network.Upnp", "src\Omnius.Core.Network.Upnp\Omnius.Core.Network.Upnp.csproj", "{3AA442CC-39A4-46C9-AD24-81DC871BA14D}"
EndProject
Project("{FAE04EC0-301F-11D3-BF4B-00C04F79EFBC}") = "Omnius.Core.Network", "src\Omnius.Core.Network\Omnius.Core.Network.csproj", "{50378D7F-FA66-4727-A311-1E5DBB225765}"
EndProject
Project("{FAE04EC0-301F-11D3-BF4B-00C04F79EFBC}") = "Omnius.Core.RocketPack.DefinitionCompiler", "src\Omnius.Core.RocketPack.DefinitionCompiler\Omnius.Core.RocketPack.DefinitionCompiler.csproj", "{27D9C340-FE39-454D-8670-AE8FE0AA3C85}"
EndProject
Project("{FAE04EC0-301F-11D3-BF4B-00C04F79EFBC}") = "Omnius.Core.RocketPack.Remoting", "src\Omnius.Core.RocketPack.Remoting\Omnius.Core.RocketPack.Remoting.csproj", "{2B0CB463-7165-4B8E-9DCF-0CBB626BFF47}"
EndProject
Project("{FAE04EC0-301F-11D3-BF4B-00C04F79EFBC}") = "Omnius.Core.RocketPack", "src\Omnius.Core.RocketPack\Omnius.Core.RocketPack.csproj", "{E8859008-CF3B-43DD-87AE-AB6781933460}"
EndProject
Project("{FAE04EC0-301F-11D3-BF4B-00C04F79EFBC}") = "Omnius.Core.Serialization", "src\Omnius.Core.Serialization\Omnius.Core.Serialization.csproj", "{2C26AE68-F4E9-4C8E-AF71-55C485AAA19B}"
EndProject
Project("{FAE04EC0-301F-11D3-BF4B-00C04F79EFBC}") = "Omnius.Core.Storages", "src\Omnius.Core.Storages\Omnius.Core.Storages.csproj", "{37B4C5DC-44B1-4ACE-AFD0-A9BD429F5128}"
EndProject
Project("{FAE04EC0-301F-11D3-BF4B-00C04F79EFBC}") = "Omnius.Core.UnitTestToolkit", "src\Omnius.Core.UnitTestToolkit\Omnius.Core.UnitTestToolkit.csproj", "{8FFDB176-8A4E-4440-BD82-873248E32C86}"
EndProject
Project("{FAE04EC0-301F-11D3-BF4B-00C04F79EFBC}") = "Omnius.Core", "src\Omnius.Core\Omnius.Core.csproj", "{FAC84CF8-7F85-43C7-98E0-620B0F3F6817}"
EndProject
Project("{2150E333-8FDC-42A3-9474-1A3956D46DE8}") = "test", "test", "{BCA8E4F5-9C5E-4FE6-B223-648722473E21}"
EndProject
Project("{FAE04EC0-301F-11D3-BF4B-00C04F79EFBC}") = "Omnius.Core.Cryptography.Tests", "test\Omnius.Core.Cryptography.Tests\Omnius.Core.Cryptography.Tests.csproj", "{3AA64F15-0C63-43DB-906B-AB5CA20AEA8D}"
EndProject
Project("{FAE04EC0-301F-11D3-BF4B-00C04F79EFBC}") = "Omnius.Core.Io.Tests", "test\Omnius.Core.Io.Tests\Omnius.Core.Io.Tests.csproj", "{1AF6A487-B9DE-4499-A0C2-C968DA854297}"
EndProject
Project("{FAE04EC0-301F-11D3-BF4B-00C04F79EFBC}") = "Omnius.Core.Network.Tests", "test\Omnius.Core.Network.Tests\Omnius.Core.Network.Tests.csproj", "{37601759-47DD-42F3-A3F3-29CAAFB3BE0A}"
EndProject
Project("{FAE04EC0-301F-11D3-BF4B-00C04F79EFBC}") = "Omnius.Core.Network.Upnp.Tests", "test\Omnius.Core.Network.Upnp.Tests\Omnius.Core.Network.Upnp.Tests.csproj", "{A4FC7E27-9DB2-4789-B1E6-DF0D7F5FBC53}"
EndProject
Project("{FAE04EC0-301F-11D3-BF4B-00C04F79EFBC}") = "Omnius.Core.RocketPack.DefinitionCompiler.Tests", "test\Omnius.Core.RocketPack.DefinitionCompiler.Tests\Omnius.Core.RocketPack.DefinitionCompiler.Tests.csproj", "{B0C62A0C-FEA9-4813-BA5F-8C6E54E9295C}"
EndProject
Project("{FAE04EC0-301F-11D3-BF4B-00C04F79EFBC}") = "Omnius.Core.RocketPack.Remoting.Tests", "test\Omnius.Core.RocketPack.Remoting.Tests\Omnius.Core.RocketPack.Remoting.Tests.csproj", "{503D8E7A-C0A1-4D4A-9D09-F108A56FD62E}"
EndProject
Project("{FAE04EC0-301F-11D3-BF4B-00C04F79EFBC}") = "Omnius.Core.RocketPack.Tests", "test\Omnius.Core.RocketPack.Tests\Omnius.Core.RocketPack.Tests.csproj", "{AD67604D-A15A-4576-8396-E3B48E3A459F}"
EndProject
Project("{FAE04EC0-301F-11D3-BF4B-00C04F79EFBC}") = "Omnius.Core.Serialization.Tests", "test\Omnius.Core.Serialization.Tests\Omnius.Core.Serialization.Tests.csproj", "{BF90F86E-5CDE-4BB2-87BE-66557A7E6701}"
EndProject
Project("{FAE04EC0-301F-11D3-BF4B-00C04F79EFBC}") = "Omnius.Core.Tests", "test\Omnius.Core.Tests\Omnius.Core.Tests.csproj", "{C543776B-169A-40F8-AA59-8FBBD75610B7}"
EndProject
Global
	GlobalSection(SolutionConfigurationPlatforms) = preSolution
		Debug|Any CPU = Debug|Any CPU
		Debug|x64 = Debug|x64
		Debug|x86 = Debug|x86
		Release|Any CPU = Release|Any CPU
		Release|x64 = Release|x64
		Release|x86 = Release|x86
	EndGlobalSection
	GlobalSection(SolutionProperties) = preSolution
		HideSolutionNode = FALSE
	EndGlobalSection
	GlobalSection(ProjectConfigurationPlatforms) = postSolution
		{D7FE9B5A-A011-4411-939F-A981230F55A4}.Debug|Any CPU.ActiveCfg = Debug|Any CPU
		{D7FE9B5A-A011-4411-939F-A981230F55A4}.Debug|Any CPU.Build.0 = Debug|Any CPU
		{D7FE9B5A-A011-4411-939F-A981230F55A4}.Debug|x64.ActiveCfg = Debug|Any CPU
		{D7FE9B5A-A011-4411-939F-A981230F55A4}.Debug|x64.Build.0 = Debug|Any CPU
		{D7FE9B5A-A011-4411-939F-A981230F55A4}.Debug|x86.ActiveCfg = Debug|Any CPU
		{D7FE9B5A-A011-4411-939F-A981230F55A4}.Debug|x86.Build.0 = Debug|Any CPU
		{D7FE9B5A-A011-4411-939F-A981230F55A4}.Release|Any CPU.ActiveCfg = Release|Any CPU
		{D7FE9B5A-A011-4411-939F-A981230F55A4}.Release|Any CPU.Build.0 = Release|Any CPU
		{D7FE9B5A-A011-4411-939F-A981230F55A4}.Release|x64.ActiveCfg = Release|Any CPU
		{D7FE9B5A-A011-4411-939F-A981230F55A4}.Release|x64.Build.0 = Release|Any CPU
		{D7FE9B5A-A011-4411-939F-A981230F55A4}.Release|x86.ActiveCfg = Release|Any CPU
		{D7FE9B5A-A011-4411-939F-A981230F55A4}.Release|x86.Build.0 = Release|Any CPU
		{C0E59E7F-E086-4320-B90C-4AEA388453E6}.Debug|Any CPU.ActiveCfg = Debug|Any CPU
		{C0E59E7F-E086-4320-B90C-4AEA388453E6}.Debug|Any CPU.Build.0 = Debug|Any CPU
		{C0E59E7F-E086-4320-B90C-4AEA388453E6}.Debug|x64.ActiveCfg = Debug|Any CPU
		{C0E59E7F-E086-4320-B90C-4AEA388453E6}.Debug|x64.Build.0 = Debug|Any CPU
		{C0E59E7F-E086-4320-B90C-4AEA388453E6}.Debug|x86.ActiveCfg = Debug|Any CPU
		{C0E59E7F-E086-4320-B90C-4AEA388453E6}.Debug|x86.Build.0 = Debug|Any CPU
		{C0E59E7F-E086-4320-B90C-4AEA388453E6}.Release|Any CPU.ActiveCfg = Release|Any CPU
		{C0E59E7F-E086-4320-B90C-4AEA388453E6}.Release|Any CPU.Build.0 = Release|Any CPU
		{C0E59E7F-E086-4320-B90C-4AEA388453E6}.Release|x64.ActiveCfg = Release|Any CPU
		{C0E59E7F-E086-4320-B90C-4AEA388453E6}.Release|x64.Build.0 = Release|Any CPU
		{C0E59E7F-E086-4320-B90C-4AEA388453E6}.Release|x86.ActiveCfg = Release|Any CPU
		{C0E59E7F-E086-4320-B90C-4AEA388453E6}.Release|x86.Build.0 = Release|Any CPU
		{8E7A17B7-E2C0-42ED-9A9E-0B383575B5E8}.Debug|Any CPU.ActiveCfg = Debug|Any CPU
		{8E7A17B7-E2C0-42ED-9A9E-0B383575B5E8}.Debug|Any CPU.Build.0 = Debug|Any CPU
		{8E7A17B7-E2C0-42ED-9A9E-0B383575B5E8}.Debug|x64.ActiveCfg = Debug|Any CPU
		{8E7A17B7-E2C0-42ED-9A9E-0B383575B5E8}.Debug|x64.Build.0 = Debug|Any CPU
		{8E7A17B7-E2C0-42ED-9A9E-0B383575B5E8}.Debug|x86.ActiveCfg = Debug|Any CPU
		{8E7A17B7-E2C0-42ED-9A9E-0B383575B5E8}.Debug|x86.Build.0 = Debug|Any CPU
		{8E7A17B7-E2C0-42ED-9A9E-0B383575B5E8}.Release|Any CPU.ActiveCfg = Release|Any CPU
		{8E7A17B7-E2C0-42ED-9A9E-0B383575B5E8}.Release|Any CPU.Build.0 = Release|Any CPU
		{8E7A17B7-E2C0-42ED-9A9E-0B383575B5E8}.Release|x64.ActiveCfg = Release|Any CPU
		{8E7A17B7-E2C0-42ED-9A9E-0B383575B5E8}.Release|x64.Build.0 = Release|Any CPU
		{8E7A17B7-E2C0-42ED-9A9E-0B383575B5E8}.Release|x86.ActiveCfg = Release|Any CPU
		{8E7A17B7-E2C0-42ED-9A9E-0B383575B5E8}.Release|x86.Build.0 = Release|Any CPU
		{A33458EF-AC6D-4A98-BF94-EF258397DA57}.Debug|Any CPU.ActiveCfg = Debug|Any CPU
		{A33458EF-AC6D-4A98-BF94-EF258397DA57}.Debug|Any CPU.Build.0 = Debug|Any CPU
		{A33458EF-AC6D-4A98-BF94-EF258397DA57}.Debug|x64.ActiveCfg = Debug|Any CPU
		{A33458EF-AC6D-4A98-BF94-EF258397DA57}.Debug|x64.Build.0 = Debug|Any CPU
		{A33458EF-AC6D-4A98-BF94-EF258397DA57}.Debug|x86.ActiveCfg = Debug|Any CPU
		{A33458EF-AC6D-4A98-BF94-EF258397DA57}.Debug|x86.Build.0 = Debug|Any CPU
		{A33458EF-AC6D-4A98-BF94-EF258397DA57}.Release|Any CPU.ActiveCfg = Release|Any CPU
		{A33458EF-AC6D-4A98-BF94-EF258397DA57}.Release|Any CPU.Build.0 = Release|Any CPU
		{A33458EF-AC6D-4A98-BF94-EF258397DA57}.Release|x64.ActiveCfg = Release|Any CPU
		{A33458EF-AC6D-4A98-BF94-EF258397DA57}.Release|x64.Build.0 = Release|Any CPU
		{A33458EF-AC6D-4A98-BF94-EF258397DA57}.Release|x86.ActiveCfg = Release|Any CPU
		{A33458EF-AC6D-4A98-BF94-EF258397DA57}.Release|x86.Build.0 = Release|Any CPU
		{3AA442CC-39A4-46C9-AD24-81DC871BA14D}.Debug|Any CPU.ActiveCfg = Debug|Any CPU
		{3AA442CC-39A4-46C9-AD24-81DC871BA14D}.Debug|Any CPU.Build.0 = Debug|Any CPU
		{3AA442CC-39A4-46C9-AD24-81DC871BA14D}.Debug|x64.ActiveCfg = Debug|Any CPU
		{3AA442CC-39A4-46C9-AD24-81DC871BA14D}.Debug|x64.Build.0 = Debug|Any CPU
		{3AA442CC-39A4-46C9-AD24-81DC871BA14D}.Debug|x86.ActiveCfg = Debug|Any CPU
		{3AA442CC-39A4-46C9-AD24-81DC871BA14D}.Debug|x86.Build.0 = Debug|Any CPU
		{3AA442CC-39A4-46C9-AD24-81DC871BA14D}.Release|Any CPU.ActiveCfg = Release|Any CPU
		{3AA442CC-39A4-46C9-AD24-81DC871BA14D}.Release|Any CPU.Build.0 = Release|Any CPU
		{3AA442CC-39A4-46C9-AD24-81DC871BA14D}.Release|x64.ActiveCfg = Release|Any CPU
		{3AA442CC-39A4-46C9-AD24-81DC871BA14D}.Release|x64.Build.0 = Release|Any CPU
		{3AA442CC-39A4-46C9-AD24-81DC871BA14D}.Release|x86.ActiveCfg = Release|Any CPU
		{3AA442CC-39A4-46C9-AD24-81DC871BA14D}.Release|x86.Build.0 = Release|Any CPU
		{50378D7F-FA66-4727-A311-1E5DBB225765}.Debug|Any CPU.ActiveCfg = Debug|Any CPU
		{50378D7F-FA66-4727-A311-1E5DBB225765}.Debug|Any CPU.Build.0 = Debug|Any CPU
		{50378D7F-FA66-4727-A311-1E5DBB225765}.Debug|x64.ActiveCfg = Debug|Any CPU
		{50378D7F-FA66-4727-A311-1E5DBB225765}.Debug|x64.Build.0 = Debug|Any CPU
		{50378D7F-FA66-4727-A311-1E5DBB225765}.Debug|x86.ActiveCfg = Debug|Any CPU
		{50378D7F-FA66-4727-A311-1E5DBB225765}.Debug|x86.Build.0 = Debug|Any CPU
		{50378D7F-FA66-4727-A311-1E5DBB225765}.Release|Any CPU.ActiveCfg = Release|Any CPU
		{50378D7F-FA66-4727-A311-1E5DBB225765}.Release|Any CPU.Build.0 = Release|Any CPU
		{50378D7F-FA66-4727-A311-1E5DBB225765}.Release|x64.ActiveCfg = Release|Any CPU
		{50378D7F-FA66-4727-A311-1E5DBB225765}.Release|x64.Build.0 = Release|Any CPU
		{50378D7F-FA66-4727-A311-1E5DBB225765}.Release|x86.ActiveCfg = Release|Any CPU
		{50378D7F-FA66-4727-A311-1E5DBB225765}.Release|x86.Build.0 = Release|Any CPU
		{27D9C340-FE39-454D-8670-AE8FE0AA3C85}.Debug|Any CPU.ActiveCfg = Debug|Any CPU
		{27D9C340-FE39-454D-8670-AE8FE0AA3C85}.Debug|Any CPU.Build.0 = Debug|Any CPU
		{27D9C340-FE39-454D-8670-AE8FE0AA3C85}.Debug|x64.ActiveCfg = Debug|Any CPU
		{27D9C340-FE39-454D-8670-AE8FE0AA3C85}.Debug|x64.Build.0 = Debug|Any CPU
		{27D9C340-FE39-454D-8670-AE8FE0AA3C85}.Debug|x86.ActiveCfg = Debug|Any CPU
		{27D9C340-FE39-454D-8670-AE8FE0AA3C85}.Debug|x86.Build.0 = Debug|Any CPU
		{27D9C340-FE39-454D-8670-AE8FE0AA3C85}.Release|Any CPU.ActiveCfg = Release|Any CPU
		{27D9C340-FE39-454D-8670-AE8FE0AA3C85}.Release|Any CPU.Build.0 = Release|Any CPU
		{27D9C340-FE39-454D-8670-AE8FE0AA3C85}.Release|x64.ActiveCfg = Release|Any CPU
		{27D9C340-FE39-454D-8670-AE8FE0AA3C85}.Release|x64.Build.0 = Release|Any CPU
		{27D9C340-FE39-454D-8670-AE8FE0AA3C85}.Release|x86.ActiveCfg = Release|Any CPU
		{27D9C340-FE39-454D-8670-AE8FE0AA3C85}.Release|x86.Build.0 = Release|Any CPU
		{2B0CB463-7165-4B8E-9DCF-0CBB626BFF47}.Debug|Any CPU.ActiveCfg = Debug|Any CPU
		{2B0CB463-7165-4B8E-9DCF-0CBB626BFF47}.Debug|Any CPU.Build.0 = Debug|Any CPU
		{2B0CB463-7165-4B8E-9DCF-0CBB626BFF47}.Debug|x64.ActiveCfg = Debug|Any CPU
		{2B0CB463-7165-4B8E-9DCF-0CBB626BFF47}.Debug|x64.Build.0 = Debug|Any CPU
		{2B0CB463-7165-4B8E-9DCF-0CBB626BFF47}.Debug|x86.ActiveCfg = Debug|Any CPU
		{2B0CB463-7165-4B8E-9DCF-0CBB626BFF47}.Debug|x86.Build.0 = Debug|Any CPU
		{2B0CB463-7165-4B8E-9DCF-0CBB626BFF47}.Release|Any CPU.ActiveCfg = Release|Any CPU
		{2B0CB463-7165-4B8E-9DCF-0CBB626BFF47}.Release|Any CPU.Build.0 = Release|Any CPU
		{2B0CB463-7165-4B8E-9DCF-0CBB626BFF47}.Release|x64.ActiveCfg = Release|Any CPU
		{2B0CB463-7165-4B8E-9DCF-0CBB626BFF47}.Release|x64.Build.0 = Release|Any CPU
		{2B0CB463-7165-4B8E-9DCF-0CBB626BFF47}.Release|x86.ActiveCfg = Release|Any CPU
		{2B0CB463-7165-4B8E-9DCF-0CBB626BFF47}.Release|x86.Build.0 = Release|Any CPU
		{E8859008-CF3B-43DD-87AE-AB6781933460}.Debug|Any CPU.ActiveCfg = Debug|Any CPU
		{E8859008-CF3B-43DD-87AE-AB6781933460}.Debug|Any CPU.Build.0 = Debug|Any CPU
		{E8859008-CF3B-43DD-87AE-AB6781933460}.Debug|x64.ActiveCfg = Debug|Any CPU
		{E8859008-CF3B-43DD-87AE-AB6781933460}.Debug|x64.Build.0 = Debug|Any CPU
		{E8859008-CF3B-43DD-87AE-AB6781933460}.Debug|x86.ActiveCfg = Debug|Any CPU
		{E8859008-CF3B-43DD-87AE-AB6781933460}.Debug|x86.Build.0 = Debug|Any CPU
		{E8859008-CF3B-43DD-87AE-AB6781933460}.Release|Any CPU.ActiveCfg = Release|Any CPU
		{E8859008-CF3B-43DD-87AE-AB6781933460}.Release|Any CPU.Build.0 = Release|Any CPU
		{E8859008-CF3B-43DD-87AE-AB6781933460}.Release|x64.ActiveCfg = Release|Any CPU
		{E8859008-CF3B-43DD-87AE-AB6781933460}.Release|x64.Build.0 = Release|Any CPU
		{E8859008-CF3B-43DD-87AE-AB6781933460}.Release|x86.ActiveCfg = Release|Any CPU
		{E8859008-CF3B-43DD-87AE-AB6781933460}.Release|x86.Build.0 = Release|Any CPU
		{2C26AE68-F4E9-4C8E-AF71-55C485AAA19B}.Debug|Any CPU.ActiveCfg = Debug|Any CPU
		{2C26AE68-F4E9-4C8E-AF71-55C485AAA19B}.Debug|Any CPU.Build.0 = Debug|Any CPU
		{2C26AE68-F4E9-4C8E-AF71-55C485AAA19B}.Debug|x64.ActiveCfg = Debug|Any CPU
		{2C26AE68-F4E9-4C8E-AF71-55C485AAA19B}.Debug|x64.Build.0 = Debug|Any CPU
		{2C26AE68-F4E9-4C8E-AF71-55C485AAA19B}.Debug|x86.ActiveCfg = Debug|Any CPU
		{2C26AE68-F4E9-4C8E-AF71-55C485AAA19B}.Debug|x86.Build.0 = Debug|Any CPU
		{2C26AE68-F4E9-4C8E-AF71-55C485AAA19B}.Release|Any CPU.ActiveCfg = Release|Any CPU
		{2C26AE68-F4E9-4C8E-AF71-55C485AAA19B}.Release|Any CPU.Build.0 = Release|Any CPU
		{2C26AE68-F4E9-4C8E-AF71-55C485AAA19B}.Release|x64.ActiveCfg = Release|Any CPU
		{2C26AE68-F4E9-4C8E-AF71-55C485AAA19B}.Release|x64.Build.0 = Release|Any CPU
		{2C26AE68-F4E9-4C8E-AF71-55C485AAA19B}.Release|x86.ActiveCfg = Release|Any CPU
		{2C26AE68-F4E9-4C8E-AF71-55C485AAA19B}.Release|x86.Build.0 = Release|Any CPU
		{37B4C5DC-44B1-4ACE-AFD0-A9BD429F5128}.Debug|Any CPU.ActiveCfg = Debug|Any CPU
		{37B4C5DC-44B1-4ACE-AFD0-A9BD429F5128}.Debug|Any CPU.Build.0 = Debug|Any CPU
		{37B4C5DC-44B1-4ACE-AFD0-A9BD429F5128}.Debug|x64.ActiveCfg = Debug|Any CPU
		{37B4C5DC-44B1-4ACE-AFD0-A9BD429F5128}.Debug|x64.Build.0 = Debug|Any CPU
		{37B4C5DC-44B1-4ACE-AFD0-A9BD429F5128}.Debug|x86.ActiveCfg = Debug|Any CPU
		{37B4C5DC-44B1-4ACE-AFD0-A9BD429F5128}.Debug|x86.Build.0 = Debug|Any CPU
		{37B4C5DC-44B1-4ACE-AFD0-A9BD429F5128}.Release|Any CPU.ActiveCfg = Release|Any CPU
		{37B4C5DC-44B1-4ACE-AFD0-A9BD429F5128}.Release|Any CPU.Build.0 = Release|Any CPU
		{37B4C5DC-44B1-4ACE-AFD0-A9BD429F5128}.Release|x64.ActiveCfg = Release|Any CPU
		{37B4C5DC-44B1-4ACE-AFD0-A9BD429F5128}.Release|x64.Build.0 = Release|Any CPU
		{37B4C5DC-44B1-4ACE-AFD0-A9BD429F5128}.Release|x86.ActiveCfg = Release|Any CPU
		{37B4C5DC-44B1-4ACE-AFD0-A9BD429F5128}.Release|x86.Build.0 = Release|Any CPU
		{8FFDB176-8A4E-4440-BD82-873248E32C86}.Debug|Any CPU.ActiveCfg = Debug|Any CPU
		{8FFDB176-8A4E-4440-BD82-873248E32C86}.Debug|Any CPU.Build.0 = Debug|Any CPU
		{8FFDB176-8A4E-4440-BD82-873248E32C86}.Debug|x64.ActiveCfg = Debug|Any CPU
		{8FFDB176-8A4E-4440-BD82-873248E32C86}.Debug|x64.Build.0 = Debug|Any CPU
		{8FFDB176-8A4E-4440-BD82-873248E32C86}.Debug|x86.ActiveCfg = Debug|Any CPU
		{8FFDB176-8A4E-4440-BD82-873248E32C86}.Debug|x86.Build.0 = Debug|Any CPU
		{8FFDB176-8A4E-4440-BD82-873248E32C86}.Release|Any CPU.ActiveCfg = Release|Any CPU
		{8FFDB176-8A4E-4440-BD82-873248E32C86}.Release|Any CPU.Build.0 = Release|Any CPU
		{8FFDB176-8A4E-4440-BD82-873248E32C86}.Release|x64.ActiveCfg = Release|Any CPU
		{8FFDB176-8A4E-4440-BD82-873248E32C86}.Release|x64.Build.0 = Release|Any CPU
		{8FFDB176-8A4E-4440-BD82-873248E32C86}.Release|x86.ActiveCfg = Release|Any CPU
		{8FFDB176-8A4E-4440-BD82-873248E32C86}.Release|x86.Build.0 = Release|Any CPU
		{FAC84CF8-7F85-43C7-98E0-620B0F3F6817}.Debug|Any CPU.ActiveCfg = Debug|Any CPU
		{FAC84CF8-7F85-43C7-98E0-620B0F3F6817}.Debug|Any CPU.Build.0 = Debug|Any CPU
		{FAC84CF8-7F85-43C7-98E0-620B0F3F6817}.Debug|x64.ActiveCfg = Debug|Any CPU
		{FAC84CF8-7F85-43C7-98E0-620B0F3F6817}.Debug|x64.Build.0 = Debug|Any CPU
		{FAC84CF8-7F85-43C7-98E0-620B0F3F6817}.Debug|x86.ActiveCfg = Debug|Any CPU
		{FAC84CF8-7F85-43C7-98E0-620B0F3F6817}.Debug|x86.Build.0 = Debug|Any CPU
		{FAC84CF8-7F85-43C7-98E0-620B0F3F6817}.Release|Any CPU.ActiveCfg = Release|Any CPU
		{FAC84CF8-7F85-43C7-98E0-620B0F3F6817}.Release|Any CPU.Build.0 = Release|Any CPU
		{FAC84CF8-7F85-43C7-98E0-620B0F3F6817}.Release|x64.ActiveCfg = Release|Any CPU
		{FAC84CF8-7F85-43C7-98E0-620B0F3F6817}.Release|x64.Build.0 = Release|Any CPU
		{FAC84CF8-7F85-43C7-98E0-620B0F3F6817}.Release|x86.ActiveCfg = Release|Any CPU
		{FAC84CF8-7F85-43C7-98E0-620B0F3F6817}.Release|x86.Build.0 = Release|Any CPU
		{3AA64F15-0C63-43DB-906B-AB5CA20AEA8D}.Debug|Any CPU.ActiveCfg = Debug|Any CPU
		{3AA64F15-0C63-43DB-906B-AB5CA20AEA8D}.Debug|Any CPU.Build.0 = Debug|Any CPU
		{3AA64F15-0C63-43DB-906B-AB5CA20AEA8D}.Debug|x64.ActiveCfg = Debug|Any CPU
		{3AA64F15-0C63-43DB-906B-AB5CA20AEA8D}.Debug|x64.Build.0 = Debug|Any CPU
		{3AA64F15-0C63-43DB-906B-AB5CA20AEA8D}.Debug|x86.ActiveCfg = Debug|Any CPU
		{3AA64F15-0C63-43DB-906B-AB5CA20AEA8D}.Debug|x86.Build.0 = Debug|Any CPU
		{3AA64F15-0C63-43DB-906B-AB5CA20AEA8D}.Release|Any CPU.ActiveCfg = Release|Any CPU
		{3AA64F15-0C63-43DB-906B-AB5CA20AEA8D}.Release|Any CPU.Build.0 = Release|Any CPU
		{3AA64F15-0C63-43DB-906B-AB5CA20AEA8D}.Release|x64.ActiveCfg = Release|Any CPU
		{3AA64F15-0C63-43DB-906B-AB5CA20AEA8D}.Release|x64.Build.0 = Release|Any CPU
		{3AA64F15-0C63-43DB-906B-AB5CA20AEA8D}.Release|x86.ActiveCfg = Release|Any CPU
		{3AA64F15-0C63-43DB-906B-AB5CA20AEA8D}.Release|x86.Build.0 = Release|Any CPU
		{1AF6A487-B9DE-4499-A0C2-C968DA854297}.Debug|Any CPU.ActiveCfg = Debug|Any CPU
		{1AF6A487-B9DE-4499-A0C2-C968DA854297}.Debug|Any CPU.Build.0 = Debug|Any CPU
		{1AF6A487-B9DE-4499-A0C2-C968DA854297}.Debug|x64.ActiveCfg = Debug|Any CPU
		{1AF6A487-B9DE-4499-A0C2-C968DA854297}.Debug|x64.Build.0 = Debug|Any CPU
		{1AF6A487-B9DE-4499-A0C2-C968DA854297}.Debug|x86.ActiveCfg = Debug|Any CPU
		{1AF6A487-B9DE-4499-A0C2-C968DA854297}.Debug|x86.Build.0 = Debug|Any CPU
		{1AF6A487-B9DE-4499-A0C2-C968DA854297}.Release|Any CPU.ActiveCfg = Release|Any CPU
		{1AF6A487-B9DE-4499-A0C2-C968DA854297}.Release|Any CPU.Build.0 = Release|Any CPU
		{1AF6A487-B9DE-4499-A0C2-C968DA854297}.Release|x64.ActiveCfg = Release|Any CPU
		{1AF6A487-B9DE-4499-A0C2-C968DA854297}.Release|x64.Build.0 = Release|Any CPU
		{1AF6A487-B9DE-4499-A0C2-C968DA854297}.Release|x86.ActiveCfg = Release|Any CPU
		{1AF6A487-B9DE-4499-A0C2-C968DA854297}.Release|x86.Build.0 = Release|Any CPU
		{37601759-47DD-42F3-A3F3-29CAAFB3BE0A}.Debug|Any CPU.ActiveCfg = Debug|Any CPU
		{37601759-47DD-42F3-A3F3-29CAAFB3BE0A}.Debug|Any CPU.Build.0 = Debug|Any CPU
		{37601759-47DD-42F3-A3F3-29CAAFB3BE0A}.Debug|x64.ActiveCfg = Debug|Any CPU
		{37601759-47DD-42F3-A3F3-29CAAFB3BE0A}.Debug|x64.Build.0 = Debug|Any CPU
		{37601759-47DD-42F3-A3F3-29CAAFB3BE0A}.Debug|x86.ActiveCfg = Debug|Any CPU
		{37601759-47DD-42F3-A3F3-29CAAFB3BE0A}.Debug|x86.Build.0 = Debug|Any CPU
		{37601759-47DD-42F3-A3F3-29CAAFB3BE0A}.Release|Any CPU.ActiveCfg = Release|Any CPU
		{37601759-47DD-42F3-A3F3-29CAAFB3BE0A}.Release|Any CPU.Build.0 = Release|Any CPU
		{37601759-47DD-42F3-A3F3-29CAAFB3BE0A}.Release|x64.ActiveCfg = Release|Any CPU
		{37601759-47DD-42F3-A3F3-29CAAFB3BE0A}.Release|x64.Build.0 = Release|Any CPU
		{37601759-47DD-42F3-A3F3-29CAAFB3BE0A}.Release|x86.ActiveCfg = Release|Any CPU
		{37601759-47DD-42F3-A3F3-29CAAFB3BE0A}.Release|x86.Build.0 = Release|Any CPU
		{A4FC7E27-9DB2-4789-B1E6-DF0D7F5FBC53}.Debug|Any CPU.ActiveCfg = Debug|Any CPU
		{A4FC7E27-9DB2-4789-B1E6-DF0D7F5FBC53}.Debug|Any CPU.Build.0 = Debug|Any CPU
		{A4FC7E27-9DB2-4789-B1E6-DF0D7F5FBC53}.Debug|x64.ActiveCfg = Debug|Any CPU
		{A4FC7E27-9DB2-4789-B1E6-DF0D7F5FBC53}.Debug|x64.Build.0 = Debug|Any CPU
		{A4FC7E27-9DB2-4789-B1E6-DF0D7F5FBC53}.Debug|x86.ActiveCfg = Debug|Any CPU
		{A4FC7E27-9DB2-4789-B1E6-DF0D7F5FBC53}.Debug|x86.Build.0 = Debug|Any CPU
		{A4FC7E27-9DB2-4789-B1E6-DF0D7F5FBC53}.Release|Any CPU.ActiveCfg = Release|Any CPU
		{A4FC7E27-9DB2-4789-B1E6-DF0D7F5FBC53}.Release|Any CPU.Build.0 = Release|Any CPU
		{A4FC7E27-9DB2-4789-B1E6-DF0D7F5FBC53}.Release|x64.ActiveCfg = Release|Any CPU
		{A4FC7E27-9DB2-4789-B1E6-DF0D7F5FBC53}.Release|x64.Build.0 = Release|Any CPU
		{A4FC7E27-9DB2-4789-B1E6-DF0D7F5FBC53}.Release|x86.ActiveCfg = Release|Any CPU
		{A4FC7E27-9DB2-4789-B1E6-DF0D7F5FBC53}.Release|x86.Build.0 = Release|Any CPU
		{B0C62A0C-FEA9-4813-BA5F-8C6E54E9295C}.Debug|Any CPU.ActiveCfg = Debug|Any CPU
		{B0C62A0C-FEA9-4813-BA5F-8C6E54E9295C}.Debug|Any CPU.Build.0 = Debug|Any CPU
		{B0C62A0C-FEA9-4813-BA5F-8C6E54E9295C}.Debug|x64.ActiveCfg = Debug|Any CPU
		{B0C62A0C-FEA9-4813-BA5F-8C6E54E9295C}.Debug|x64.Build.0 = Debug|Any CPU
		{B0C62A0C-FEA9-4813-BA5F-8C6E54E9295C}.Debug|x86.ActiveCfg = Debug|Any CPU
		{B0C62A0C-FEA9-4813-BA5F-8C6E54E9295C}.Debug|x86.Build.0 = Debug|Any CPU
		{B0C62A0C-FEA9-4813-BA5F-8C6E54E9295C}.Release|Any CPU.ActiveCfg = Release|Any CPU
		{B0C62A0C-FEA9-4813-BA5F-8C6E54E9295C}.Release|Any CPU.Build.0 = Release|Any CPU
		{B0C62A0C-FEA9-4813-BA5F-8C6E54E9295C}.Release|x64.ActiveCfg = Release|Any CPU
		{B0C62A0C-FEA9-4813-BA5F-8C6E54E9295C}.Release|x64.Build.0 = Release|Any CPU
		{B0C62A0C-FEA9-4813-BA5F-8C6E54E9295C}.Release|x86.ActiveCfg = Release|Any CPU
		{B0C62A0C-FEA9-4813-BA5F-8C6E54E9295C}.Release|x86.Build.0 = Release|Any CPU
		{503D8E7A-C0A1-4D4A-9D09-F108A56FD62E}.Debug|Any CPU.ActiveCfg = Debug|Any CPU
		{503D8E7A-C0A1-4D4A-9D09-F108A56FD62E}.Debug|Any CPU.Build.0 = Debug|Any CPU
		{503D8E7A-C0A1-4D4A-9D09-F108A56FD62E}.Debug|x64.ActiveCfg = Debug|Any CPU
		{503D8E7A-C0A1-4D4A-9D09-F108A56FD62E}.Debug|x64.Build.0 = Debug|Any CPU
		{503D8E7A-C0A1-4D4A-9D09-F108A56FD62E}.Debug|x86.ActiveCfg = Debug|Any CPU
		{503D8E7A-C0A1-4D4A-9D09-F108A56FD62E}.Debug|x86.Build.0 = Debug|Any CPU
		{503D8E7A-C0A1-4D4A-9D09-F108A56FD62E}.Release|Any CPU.ActiveCfg = Release|Any CPU
		{503D8E7A-C0A1-4D4A-9D09-F108A56FD62E}.Release|Any CPU.Build.0 = Release|Any CPU
		{503D8E7A-C0A1-4D4A-9D09-F108A56FD62E}.Release|x64.ActiveCfg = Release|Any CPU
		{503D8E7A-C0A1-4D4A-9D09-F108A56FD62E}.Release|x64.Build.0 = Release|Any CPU
		{503D8E7A-C0A1-4D4A-9D09-F108A56FD62E}.Release|x86.ActiveCfg = Release|Any CPU
		{503D8E7A-C0A1-4D4A-9D09-F108A56FD62E}.Release|x86.Build.0 = Release|Any CPU
		{AD67604D-A15A-4576-8396-E3B48E3A459F}.Debug|Any CPU.ActiveCfg = Debug|Any CPU
		{AD67604D-A15A-4576-8396-E3B48E3A459F}.Debug|Any CPU.Build.0 = Debug|Any CPU
		{AD67604D-A15A-4576-8396-E3B48E3A459F}.Debug|x64.ActiveCfg = Debug|Any CPU
		{AD67604D-A15A-4576-8396-E3B48E3A459F}.Debug|x64.Build.0 = Debug|Any CPU
		{AD67604D-A15A-4576-8396-E3B48E3A459F}.Debug|x86.ActiveCfg = Debug|Any CPU
		{AD67604D-A15A-4576-8396-E3B48E3A459F}.Debug|x86.Build.0 = Debug|Any CPU
		{AD67604D-A15A-4576-8396-E3B48E3A459F}.Release|Any CPU.ActiveCfg = Release|Any CPU
		{AD67604D-A15A-4576-8396-E3B48E3A459F}.Release|Any CPU.Build.0 = Release|Any CPU
		{AD67604D-A15A-4576-8396-E3B48E3A459F}.Release|x64.ActiveCfg = Release|Any CPU
		{AD67604D-A15A-4576-8396-E3B48E3A459F}.Release|x64.Build.0 = Release|Any CPU
		{AD67604D-A15A-4576-8396-E3B48E3A459F}.Release|x86.ActiveCfg = Release|Any CPU
		{AD67604D-A15A-4576-8396-E3B48E3A459F}.Release|x86.Build.0 = Release|Any CPU
		{BF90F86E-5CDE-4BB2-87BE-66557A7E6701}.Debug|Any CPU.ActiveCfg = Debug|Any CPU
		{BF90F86E-5CDE-4BB2-87BE-66557A7E6701}.Debug|Any CPU.Build.0 = Debug|Any CPU
		{BF90F86E-5CDE-4BB2-87BE-66557A7E6701}.Debug|x64.ActiveCfg = Debug|Any CPU
		{BF90F86E-5CDE-4BB2-87BE-66557A7E6701}.Debug|x64.Build.0 = Debug|Any CPU
		{BF90F86E-5CDE-4BB2-87BE-66557A7E6701}.Debug|x86.ActiveCfg = Debug|Any CPU
		{BF90F86E-5CDE-4BB2-87BE-66557A7E6701}.Debug|x86.Build.0 = Debug|Any CPU
		{BF90F86E-5CDE-4BB2-87BE-66557A7E6701}.Release|Any CPU.ActiveCfg = Release|Any CPU
		{BF90F86E-5CDE-4BB2-87BE-66557A7E6701}.Release|Any CPU.Build.0 = Release|Any CPU
		{BF90F86E-5CDE-4BB2-87BE-66557A7E6701}.Release|x64.ActiveCfg = Release|Any CPU
		{BF90F86E-5CDE-4BB2-87BE-66557A7E6701}.Release|x64.Build.0 = Release|Any CPU
		{BF90F86E-5CDE-4BB2-87BE-66557A7E6701}.Release|x86.ActiveCfg = Release|Any CPU
		{BF90F86E-5CDE-4BB2-87BE-66557A7E6701}.Release|x86.Build.0 = Release|Any CPU
		{C543776B-169A-40F8-AA59-8FBBD75610B7}.Debug|Any CPU.ActiveCfg = Debug|Any CPU
		{C543776B-169A-40F8-AA59-8FBBD75610B7}.Debug|Any CPU.Build.0 = Debug|Any CPU
		{C543776B-169A-40F8-AA59-8FBBD75610B7}.Debug|x64.ActiveCfg = Debug|Any CPU
		{C543776B-169A-40F8-AA59-8FBBD75610B7}.Debug|x64.Build.0 = Debug|Any CPU
		{C543776B-169A-40F8-AA59-8FBBD75610B7}.Debug|x86.ActiveCfg = Debug|Any CPU
		{C543776B-169A-40F8-AA59-8FBBD75610B7}.Debug|x86.Build.0 = Debug|Any CPU
		{C543776B-169A-40F8-AA59-8FBBD75610B7}.Release|Any CPU.ActiveCfg = Release|Any CPU
		{C543776B-169A-40F8-AA59-8FBBD75610B7}.Release|Any CPU.Build.0 = Release|Any CPU
		{C543776B-169A-40F8-AA59-8FBBD75610B7}.Release|x64.ActiveCfg = Release|Any CPU
		{C543776B-169A-40F8-AA59-8FBBD75610B7}.Release|x64.Build.0 = Release|Any CPU
		{C543776B-169A-40F8-AA59-8FBBD75610B7}.Release|x86.ActiveCfg = Release|Any CPU
		{C543776B-169A-40F8-AA59-8FBBD75610B7}.Release|x86.Build.0 = Release|Any CPU
	EndGlobalSection
	GlobalSection(NestedProjects) = preSolution
		{D7FE9B5A-A011-4411-939F-A981230F55A4} = {62D0BB84-4EB4-4D9F-98A8-3DB58A2D0E0F}
		{C0E59E7F-E086-4320-B90C-4AEA388453E6} = {62D0BB84-4EB4-4D9F-98A8-3DB58A2D0E0F}
		{8E7A17B7-E2C0-42ED-9A9E-0B383575B5E8} = {62D0BB84-4EB4-4D9F-98A8-3DB58A2D0E0F}
		{A33458EF-AC6D-4A98-BF94-EF258397DA57} = {62D0BB84-4EB4-4D9F-98A8-3DB58A2D0E0F}
		{3AA442CC-39A4-46C9-AD24-81DC871BA14D} = {62D0BB84-4EB4-4D9F-98A8-3DB58A2D0E0F}
		{50378D7F-FA66-4727-A311-1E5DBB225765} = {62D0BB84-4EB4-4D9F-98A8-3DB58A2D0E0F}
		{27D9C340-FE39-454D-8670-AE8FE0AA3C85} = {62D0BB84-4EB4-4D9F-98A8-3DB58A2D0E0F}
		{2B0CB463-7165-4B8E-9DCF-0CBB626BFF47} = {62D0BB84-4EB4-4D9F-98A8-3DB58A2D0E0F}
		{E8859008-CF3B-43DD-87AE-AB6781933460} = {62D0BB84-4EB4-4D9F-98A8-3DB58A2D0E0F}
		{2C26AE68-F4E9-4C8E-AF71-55C485AAA19B} = {62D0BB84-4EB4-4D9F-98A8-3DB58A2D0E0F}
		{37B4C5DC-44B1-4ACE-AFD0-A9BD429F5128} = {62D0BB84-4EB4-4D9F-98A8-3DB58A2D0E0F}
		{8FFDB176-8A4E-4440-BD82-873248E32C86} = {62D0BB84-4EB4-4D9F-98A8-3DB58A2D0E0F}
		{FAC84CF8-7F85-43C7-98E0-620B0F3F6817} = {62D0BB84-4EB4-4D9F-98A8-3DB58A2D0E0F}
		{3AA64F15-0C63-43DB-906B-AB5CA20AEA8D} = {BCA8E4F5-9C5E-4FE6-B223-648722473E21}
		{1AF6A487-B9DE-4499-A0C2-C968DA854297} = {BCA8E4F5-9C5E-4FE6-B223-648722473E21}
		{37601759-47DD-42F3-A3F3-29CAAFB3BE0A} = {BCA8E4F5-9C5E-4FE6-B223-648722473E21}
		{A4FC7E27-9DB2-4789-B1E6-DF0D7F5FBC53} = {BCA8E4F5-9C5E-4FE6-B223-648722473E21}
		{B0C62A0C-FEA9-4813-BA5F-8C6E54E9295C} = {BCA8E4F5-9C5E-4FE6-B223-648722473E21}
		{503D8E7A-C0A1-4D4A-9D09-F108A56FD62E} = {BCA8E4F5-9C5E-4FE6-B223-648722473E21}
		{AD67604D-A15A-4576-8396-E3B48E3A459F} = {BCA8E4F5-9C5E-4FE6-B223-648722473E21}
		{BF90F86E-5CDE-4BB2-87BE-66557A7E6701} = {BCA8E4F5-9C5E-4FE6-B223-648722473E21}
		{C543776B-169A-40F8-AA59-8FBBD75610B7} = {BCA8E4F5-9C5E-4FE6-B223-648722473E21}
	EndGlobalSection
EndGlobal
