
Microsoft Visual Studio Solution File, Format Version 12.00
# Visual Studio Version 17
VisualStudioVersion = 17.0.31903.59
MinimumVisualStudioVersion = 10.0.40219.1
Project("{2150E333-8FDC-42A3-9474-1A3956D46DE8}") = "src", "src", "{7DB678A5-63D6-4399-BA57-979AFF909428}"
EndProject
Project("{FAE04EC0-301F-11D3-BF4B-00C04F79EFBC}") = "Omnius.Core.Avalonia", "src\Omnius.Core.Avalonia\Omnius.Core.Avalonia.csproj", "{346B0627-E05F-48B2-8A3B-681925116541}"
EndProject
Project("{FAE04EC0-301F-11D3-BF4B-00C04F79EFBC}") = "Omnius.Core.Collections", "src\Omnius.Core.Collections\Omnius.Core.Collections.csproj", "{28B71DC5-D767-4371-A53D-82A94DB06288}"
EndProject
Project("{FAE04EC0-301F-11D3-BF4B-00C04F79EFBC}") = "Omnius.Core.Cryptography", "src\Omnius.Core.Cryptography\Omnius.Core.Cryptography.csproj", "{B258F849-4870-40A3-A86C-64186CC94534}"
EndProject
Project("{FAE04EC0-301F-11D3-BF4B-00C04F79EFBC}") = "Omnius.Core.Net.Caps", "src\Omnius.Core.Net.Caps\Omnius.Core.Net.Caps.csproj", "{35750E60-DF22-4420-BDB9-01AB749E9185}"
EndProject
Project("{FAE04EC0-301F-11D3-BF4B-00C04F79EFBC}") = "Omnius.Core.Net.Connections", "src\Omnius.Core.Net.Connections\Omnius.Core.Net.Connections.csproj", "{AD47C2F9-5249-48B3-831C-D5CC6CC16D5A}"
EndProject
Project("{FAE04EC0-301F-11D3-BF4B-00C04F79EFBC}") = "Omnius.Core.Net.I2p", "src\Omnius.Core.Net.I2p\Omnius.Core.Net.I2p.csproj", "{961AA45C-3E9A-45FF-9C0C-989ED8296358}"
EndProject
Project("{FAE04EC0-301F-11D3-BF4B-00C04F79EFBC}") = "Omnius.Core.Net.Proxies", "src\Omnius.Core.Net.Proxies\Omnius.Core.Net.Proxies.csproj", "{C75ED911-48DD-4387-9D70-E58C3A5DDBD6}"
EndProject
Project("{FAE04EC0-301F-11D3-BF4B-00C04F79EFBC}") = "Omnius.Core.Net.Upnp", "src\Omnius.Core.Net.Upnp\Omnius.Core.Net.Upnp.csproj", "{C38F38D2-A4D5-4B4B-9992-588373F9505E}"
EndProject
Project("{FAE04EC0-301F-11D3-BF4B-00C04F79EFBC}") = "Omnius.Core.Net", "src\Omnius.Core.Net\Omnius.Core.Net.csproj", "{1281419B-056E-44EA-A09E-993881687FE9}"
EndProject
Project("{FAE04EC0-301F-11D3-BF4B-00C04F79EFBC}") = "Omnius.Core.Pipelines", "src\Omnius.Core.Pipelines\Omnius.Core.Pipelines.csproj", "{8D57E3C9-2B40-4736-8A00-84E99B20DB43}"
EndProject
Project("{FAE04EC0-301F-11D3-BF4B-00C04F79EFBC}") = "Omnius.Core.RocketPack.DefinitionCompiler", "src\Omnius.Core.RocketPack.DefinitionCompiler\Omnius.Core.RocketPack.DefinitionCompiler.csproj", "{71E4F335-04F6-46AC-9229-5C1338DF3D1A}"
EndProject
Project("{FAE04EC0-301F-11D3-BF4B-00C04F79EFBC}") = "Omnius.Core.RocketPack.Remoting", "src\Omnius.Core.RocketPack.Remoting\Omnius.Core.RocketPack.Remoting.csproj", "{F91F3CC8-2D93-4ADF-B504-32FE7B0634BB}"
EndProject
Project("{FAE04EC0-301F-11D3-BF4B-00C04F79EFBC}") = "Omnius.Core.RocketPack", "src\Omnius.Core.RocketPack\Omnius.Core.RocketPack.csproj", "{5078807F-9B5F-4BE8-A1AA-19BADED90DAC}"
EndProject
Project("{FAE04EC0-301F-11D3-BF4B-00C04F79EFBC}") = "Omnius.Core.Serialization", "src\Omnius.Core.Serialization\Omnius.Core.Serialization.csproj", "{427BE24B-4CF1-4B50-A7DE-C52C647DC9D7}"
EndProject
Project("{FAE04EC0-301F-11D3-BF4B-00C04F79EFBC}") = "Omnius.Core.Sql", "src\Omnius.Core.Sql\Omnius.Core.Sql.csproj", "{7A30512E-52ED-4A25-9C17-70C93157C544}"
EndProject
Project("{FAE04EC0-301F-11D3-BF4B-00C04F79EFBC}") = "Omnius.Core.Storages", "src\Omnius.Core.Storages\Omnius.Core.Storages.csproj", "{2B71F4B4-72AC-4795-A2F5-8EDA1FED6A19}"
EndProject
Project("{FAE04EC0-301F-11D3-BF4B-00C04F79EFBC}") = "Omnius.Core.Streams", "src\Omnius.Core.Streams\Omnius.Core.Streams.csproj", "{69C0A6D5-7A9F-4545-9FF8-C797E9074032}"
EndProject
Project("{FAE04EC0-301F-11D3-BF4B-00C04F79EFBC}") = "Omnius.Core.Tasks", "src\Omnius.Core.Tasks\Omnius.Core.Tasks.csproj", "{E2444868-DA76-427A-9A80-A05A98B7FC43}"
EndProject
Project("{FAE04EC0-301F-11D3-BF4B-00C04F79EFBC}") = "Omnius.Core.UnitTestToolkit", "src\Omnius.Core.UnitTestToolkit\Omnius.Core.UnitTestToolkit.csproj", "{3BAA8DC3-B348-4015-9820-113D610C880B}"
EndProject
Project("{FAE04EC0-301F-11D3-BF4B-00C04F79EFBC}") = "Omnius.Core.Utils", "src\Omnius.Core.Utils\Omnius.Core.Utils.csproj", "{73B244EF-B02A-4F69-BBF9-6EA7A7D80D30}"
EndProject
Project("{FAE04EC0-301F-11D3-BF4B-00C04F79EFBC}") = "Omnius.Core", "src\Omnius.Core\Omnius.Core.csproj", "{8636BEC7-C73A-4643-95AB-2D296FD80205}"
EndProject
Project("{2150E333-8FDC-42A3-9474-1A3956D46DE8}") = "test", "test", "{C51DE21A-D911-4C30-ABD2-39A3B8DDDD89}"
EndProject
Project("{FAE04EC0-301F-11D3-BF4B-00C04F79EFBC}") = "Omnius.Core.Cryptography.Tests", "test\Omnius.Core.Cryptography.Tests\Omnius.Core.Cryptography.Tests.csproj", "{0B145EDC-06A1-4936-A0DD-D0F2A4109733}"
EndProject
Project("{FAE04EC0-301F-11D3-BF4B-00C04F79EFBC}") = "Omnius.Core.Net.Connections.Tests", "test\Omnius.Core.Net.Connections.Tests\Omnius.Core.Net.Connections.Tests.csproj", "{D2D695E9-0228-4113-9429-B311AF322E28}"
EndProject
Project("{FAE04EC0-301F-11D3-BF4B-00C04F79EFBC}") = "Omnius.Core.Net.I2p.Tests", "test\Omnius.Core.Net.I2p.Tests\Omnius.Core.Net.I2p.Tests.csproj", "{3868E060-C390-4D05-A37F-1C45C95C4440}"
EndProject
Project("{FAE04EC0-301F-11D3-BF4B-00C04F79EFBC}") = "Omnius.Core.Net.Tests", "test\Omnius.Core.Net.Tests\Omnius.Core.Net.Tests.csproj", "{53BDEDA7-1432-4F74-8962-6D757DA7DD3B}"
EndProject
Project("{FAE04EC0-301F-11D3-BF4B-00C04F79EFBC}") = "Omnius.Core.Net.Upnp.Tests", "test\Omnius.Core.Net.Upnp.Tests\Omnius.Core.Net.Upnp.Tests.csproj", "{1BB6A3BC-DBAC-4F84-BE9D-951277FDB858}"
EndProject
Project("{FAE04EC0-301F-11D3-BF4B-00C04F79EFBC}") = "Omnius.Core.Pipelines.Tests", "test\Omnius.Core.Pipelines.Tests\Omnius.Core.Pipelines.Tests.csproj", "{20D5F458-E68D-43A7-91FE-275D2E5332BC}"
EndProject
Project("{FAE04EC0-301F-11D3-BF4B-00C04F79EFBC}") = "Omnius.Core.RocketPack.DefinitionCompiler.Tests", "test\Omnius.Core.RocketPack.DefinitionCompiler.Tests\Omnius.Core.RocketPack.DefinitionCompiler.Tests.csproj", "{70FCC9A1-F1D0-4808-85CF-11D0B8B240B4}"
EndProject
Project("{FAE04EC0-301F-11D3-BF4B-00C04F79EFBC}") = "Omnius.Core.RocketPack.Remoting.Tests", "test\Omnius.Core.RocketPack.Remoting.Tests\Omnius.Core.RocketPack.Remoting.Tests.csproj", "{3D276642-101D-4828-BCFB-0E72D6272157}"
EndProject
Project("{FAE04EC0-301F-11D3-BF4B-00C04F79EFBC}") = "Omnius.Core.RocketPack.Tests", "test\Omnius.Core.RocketPack.Tests\Omnius.Core.RocketPack.Tests.csproj", "{E30EBBAA-2E98-4426-8978-2FE0CAD7976E}"
EndProject
Project("{FAE04EC0-301F-11D3-BF4B-00C04F79EFBC}") = "Omnius.Core.Serialization.Tests", "test\Omnius.Core.Serialization.Tests\Omnius.Core.Serialization.Tests.csproj", "{FB1C8095-4B85-4FAA-9BDD-387C6790A979}"
EndProject
Project("{FAE04EC0-301F-11D3-BF4B-00C04F79EFBC}") = "Omnius.Core.Storages.Tests", "test\Omnius.Core.Storages.Tests\Omnius.Core.Storages.Tests.csproj", "{88D6B009-9F46-414B-8DA1-F273D549EFDA}"
EndProject
Project("{FAE04EC0-301F-11D3-BF4B-00C04F79EFBC}") = "Omnius.Core.Streams.Tests", "test\Omnius.Core.Streams.Tests\Omnius.Core.Streams.Tests.csproj", "{B3ECBD6A-A979-4983-B21C-8377937C0BFD}"
EndProject
Project("{FAE04EC0-301F-11D3-BF4B-00C04F79EFBC}") = "Omnius.Core.Tests", "test\Omnius.Core.Tests\Omnius.Core.Tests.csproj", "{1D2AA94D-DCF5-4045-8A38-5D3A71E04C6C}"
EndProject
Global
	GlobalSection(SolutionConfigurationPlatforms) = preSolution
		Debug|Any CPU = Debug|Any CPU
		Release|Any CPU = Release|Any CPU
	EndGlobalSection
	GlobalSection(SolutionProperties) = preSolution
		HideSolutionNode = FALSE
	EndGlobalSection
	GlobalSection(ProjectConfigurationPlatforms) = postSolution
		{346B0627-E05F-48B2-8A3B-681925116541}.Debug|Any CPU.ActiveCfg = Debug|Any CPU
		{346B0627-E05F-48B2-8A3B-681925116541}.Debug|Any CPU.Build.0 = Debug|Any CPU
		{346B0627-E05F-48B2-8A3B-681925116541}.Release|Any CPU.ActiveCfg = Release|Any CPU
		{346B0627-E05F-48B2-8A3B-681925116541}.Release|Any CPU.Build.0 = Release|Any CPU
		{28B71DC5-D767-4371-A53D-82A94DB06288}.Debug|Any CPU.ActiveCfg = Debug|Any CPU
		{28B71DC5-D767-4371-A53D-82A94DB06288}.Debug|Any CPU.Build.0 = Debug|Any CPU
		{28B71DC5-D767-4371-A53D-82A94DB06288}.Release|Any CPU.ActiveCfg = Release|Any CPU
		{28B71DC5-D767-4371-A53D-82A94DB06288}.Release|Any CPU.Build.0 = Release|Any CPU
		{B258F849-4870-40A3-A86C-64186CC94534}.Debug|Any CPU.ActiveCfg = Debug|Any CPU
		{B258F849-4870-40A3-A86C-64186CC94534}.Debug|Any CPU.Build.0 = Debug|Any CPU
		{B258F849-4870-40A3-A86C-64186CC94534}.Release|Any CPU.ActiveCfg = Release|Any CPU
		{B258F849-4870-40A3-A86C-64186CC94534}.Release|Any CPU.Build.0 = Release|Any CPU
		{35750E60-DF22-4420-BDB9-01AB749E9185}.Debug|Any CPU.ActiveCfg = Debug|Any CPU
		{35750E60-DF22-4420-BDB9-01AB749E9185}.Debug|Any CPU.Build.0 = Debug|Any CPU
		{35750E60-DF22-4420-BDB9-01AB749E9185}.Release|Any CPU.ActiveCfg = Release|Any CPU
		{35750E60-DF22-4420-BDB9-01AB749E9185}.Release|Any CPU.Build.0 = Release|Any CPU
		{AD47C2F9-5249-48B3-831C-D5CC6CC16D5A}.Debug|Any CPU.ActiveCfg = Debug|Any CPU
		{AD47C2F9-5249-48B3-831C-D5CC6CC16D5A}.Debug|Any CPU.Build.0 = Debug|Any CPU
		{AD47C2F9-5249-48B3-831C-D5CC6CC16D5A}.Release|Any CPU.ActiveCfg = Release|Any CPU
		{AD47C2F9-5249-48B3-831C-D5CC6CC16D5A}.Release|Any CPU.Build.0 = Release|Any CPU
		{961AA45C-3E9A-45FF-9C0C-989ED8296358}.Debug|Any CPU.ActiveCfg = Debug|Any CPU
		{961AA45C-3E9A-45FF-9C0C-989ED8296358}.Debug|Any CPU.Build.0 = Debug|Any CPU
		{961AA45C-3E9A-45FF-9C0C-989ED8296358}.Release|Any CPU.ActiveCfg = Release|Any CPU
		{961AA45C-3E9A-45FF-9C0C-989ED8296358}.Release|Any CPU.Build.0 = Release|Any CPU
		{C75ED911-48DD-4387-9D70-E58C3A5DDBD6}.Debug|Any CPU.ActiveCfg = Debug|Any CPU
		{C75ED911-48DD-4387-9D70-E58C3A5DDBD6}.Debug|Any CPU.Build.0 = Debug|Any CPU
		{C75ED911-48DD-4387-9D70-E58C3A5DDBD6}.Release|Any CPU.ActiveCfg = Release|Any CPU
		{C75ED911-48DD-4387-9D70-E58C3A5DDBD6}.Release|Any CPU.Build.0 = Release|Any CPU
		{C38F38D2-A4D5-4B4B-9992-588373F9505E}.Debug|Any CPU.ActiveCfg = Debug|Any CPU
		{C38F38D2-A4D5-4B4B-9992-588373F9505E}.Debug|Any CPU.Build.0 = Debug|Any CPU
		{C38F38D2-A4D5-4B4B-9992-588373F9505E}.Release|Any CPU.ActiveCfg = Release|Any CPU
		{C38F38D2-A4D5-4B4B-9992-588373F9505E}.Release|Any CPU.Build.0 = Release|Any CPU
		{1281419B-056E-44EA-A09E-993881687FE9}.Debug|Any CPU.ActiveCfg = Debug|Any CPU
		{1281419B-056E-44EA-A09E-993881687FE9}.Debug|Any CPU.Build.0 = Debug|Any CPU
		{1281419B-056E-44EA-A09E-993881687FE9}.Release|Any CPU.ActiveCfg = Release|Any CPU
		{1281419B-056E-44EA-A09E-993881687FE9}.Release|Any CPU.Build.0 = Release|Any CPU
		{8D57E3C9-2B40-4736-8A00-84E99B20DB43}.Debug|Any CPU.ActiveCfg = Debug|Any CPU
		{8D57E3C9-2B40-4736-8A00-84E99B20DB43}.Debug|Any CPU.Build.0 = Debug|Any CPU
		{8D57E3C9-2B40-4736-8A00-84E99B20DB43}.Release|Any CPU.ActiveCfg = Release|Any CPU
		{8D57E3C9-2B40-4736-8A00-84E99B20DB43}.Release|Any CPU.Build.0 = Release|Any CPU
		{71E4F335-04F6-46AC-9229-5C1338DF3D1A}.Debug|Any CPU.ActiveCfg = Debug|Any CPU
		{71E4F335-04F6-46AC-9229-5C1338DF3D1A}.Debug|Any CPU.Build.0 = Debug|Any CPU
		{71E4F335-04F6-46AC-9229-5C1338DF3D1A}.Release|Any CPU.ActiveCfg = Release|Any CPU
		{71E4F335-04F6-46AC-9229-5C1338DF3D1A}.Release|Any CPU.Build.0 = Release|Any CPU
		{F91F3CC8-2D93-4ADF-B504-32FE7B0634BB}.Debug|Any CPU.ActiveCfg = Debug|Any CPU
		{F91F3CC8-2D93-4ADF-B504-32FE7B0634BB}.Debug|Any CPU.Build.0 = Debug|Any CPU
		{F91F3CC8-2D93-4ADF-B504-32FE7B0634BB}.Release|Any CPU.ActiveCfg = Release|Any CPU
		{F91F3CC8-2D93-4ADF-B504-32FE7B0634BB}.Release|Any CPU.Build.0 = Release|Any CPU
		{5078807F-9B5F-4BE8-A1AA-19BADED90DAC}.Debug|Any CPU.ActiveCfg = Debug|Any CPU
		{5078807F-9B5F-4BE8-A1AA-19BADED90DAC}.Debug|Any CPU.Build.0 = Debug|Any CPU
		{5078807F-9B5F-4BE8-A1AA-19BADED90DAC}.Release|Any CPU.ActiveCfg = Release|Any CPU
		{5078807F-9B5F-4BE8-A1AA-19BADED90DAC}.Release|Any CPU.Build.0 = Release|Any CPU
		{427BE24B-4CF1-4B50-A7DE-C52C647DC9D7}.Debug|Any CPU.ActiveCfg = Debug|Any CPU
		{427BE24B-4CF1-4B50-A7DE-C52C647DC9D7}.Debug|Any CPU.Build.0 = Debug|Any CPU
		{427BE24B-4CF1-4B50-A7DE-C52C647DC9D7}.Release|Any CPU.ActiveCfg = Release|Any CPU
		{427BE24B-4CF1-4B50-A7DE-C52C647DC9D7}.Release|Any CPU.Build.0 = Release|Any CPU
		{7A30512E-52ED-4A25-9C17-70C93157C544}.Debug|Any CPU.ActiveCfg = Debug|Any CPU
		{7A30512E-52ED-4A25-9C17-70C93157C544}.Debug|Any CPU.Build.0 = Debug|Any CPU
		{7A30512E-52ED-4A25-9C17-70C93157C544}.Release|Any CPU.ActiveCfg = Release|Any CPU
		{7A30512E-52ED-4A25-9C17-70C93157C544}.Release|Any CPU.Build.0 = Release|Any CPU
		{2B71F4B4-72AC-4795-A2F5-8EDA1FED6A19}.Debug|Any CPU.ActiveCfg = Debug|Any CPU
		{2B71F4B4-72AC-4795-A2F5-8EDA1FED6A19}.Debug|Any CPU.Build.0 = Debug|Any CPU
		{2B71F4B4-72AC-4795-A2F5-8EDA1FED6A19}.Release|Any CPU.ActiveCfg = Release|Any CPU
		{2B71F4B4-72AC-4795-A2F5-8EDA1FED6A19}.Release|Any CPU.Build.0 = Release|Any CPU
		{69C0A6D5-7A9F-4545-9FF8-C797E9074032}.Debug|Any CPU.ActiveCfg = Debug|Any CPU
		{69C0A6D5-7A9F-4545-9FF8-C797E9074032}.Debug|Any CPU.Build.0 = Debug|Any CPU
		{69C0A6D5-7A9F-4545-9FF8-C797E9074032}.Release|Any CPU.ActiveCfg = Release|Any CPU
		{69C0A6D5-7A9F-4545-9FF8-C797E9074032}.Release|Any CPU.Build.0 = Release|Any CPU
		{E2444868-DA76-427A-9A80-A05A98B7FC43}.Debug|Any CPU.ActiveCfg = Debug|Any CPU
		{E2444868-DA76-427A-9A80-A05A98B7FC43}.Debug|Any CPU.Build.0 = Debug|Any CPU
		{E2444868-DA76-427A-9A80-A05A98B7FC43}.Release|Any CPU.ActiveCfg = Release|Any CPU
		{E2444868-DA76-427A-9A80-A05A98B7FC43}.Release|Any CPU.Build.0 = Release|Any CPU
		{3BAA8DC3-B348-4015-9820-113D610C880B}.Debug|Any CPU.ActiveCfg = Debug|Any CPU
		{3BAA8DC3-B348-4015-9820-113D610C880B}.Debug|Any CPU.Build.0 = Debug|Any CPU
		{3BAA8DC3-B348-4015-9820-113D610C880B}.Release|Any CPU.ActiveCfg = Release|Any CPU
		{3BAA8DC3-B348-4015-9820-113D610C880B}.Release|Any CPU.Build.0 = Release|Any CPU
		{73B244EF-B02A-4F69-BBF9-6EA7A7D80D30}.Debug|Any CPU.ActiveCfg = Debug|Any CPU
		{73B244EF-B02A-4F69-BBF9-6EA7A7D80D30}.Debug|Any CPU.Build.0 = Debug|Any CPU
		{73B244EF-B02A-4F69-BBF9-6EA7A7D80D30}.Release|Any CPU.ActiveCfg = Release|Any CPU
		{73B244EF-B02A-4F69-BBF9-6EA7A7D80D30}.Release|Any CPU.Build.0 = Release|Any CPU
		{8636BEC7-C73A-4643-95AB-2D296FD80205}.Debug|Any CPU.ActiveCfg = Debug|Any CPU
		{8636BEC7-C73A-4643-95AB-2D296FD80205}.Debug|Any CPU.Build.0 = Debug|Any CPU
		{8636BEC7-C73A-4643-95AB-2D296FD80205}.Release|Any CPU.ActiveCfg = Release|Any CPU
		{8636BEC7-C73A-4643-95AB-2D296FD80205}.Release|Any CPU.Build.0 = Release|Any CPU
		{0B145EDC-06A1-4936-A0DD-D0F2A4109733}.Debug|Any CPU.ActiveCfg = Debug|Any CPU
		{0B145EDC-06A1-4936-A0DD-D0F2A4109733}.Debug|Any CPU.Build.0 = Debug|Any CPU
		{0B145EDC-06A1-4936-A0DD-D0F2A4109733}.Release|Any CPU.ActiveCfg = Release|Any CPU
		{0B145EDC-06A1-4936-A0DD-D0F2A4109733}.Release|Any CPU.Build.0 = Release|Any CPU
		{D2D695E9-0228-4113-9429-B311AF322E28}.Debug|Any CPU.ActiveCfg = Debug|Any CPU
		{D2D695E9-0228-4113-9429-B311AF322E28}.Debug|Any CPU.Build.0 = Debug|Any CPU
		{D2D695E9-0228-4113-9429-B311AF322E28}.Release|Any CPU.ActiveCfg = Release|Any CPU
		{D2D695E9-0228-4113-9429-B311AF322E28}.Release|Any CPU.Build.0 = Release|Any CPU
		{3868E060-C390-4D05-A37F-1C45C95C4440}.Debug|Any CPU.ActiveCfg = Debug|Any CPU
		{3868E060-C390-4D05-A37F-1C45C95C4440}.Debug|Any CPU.Build.0 = Debug|Any CPU
		{3868E060-C390-4D05-A37F-1C45C95C4440}.Release|Any CPU.ActiveCfg = Release|Any CPU
		{3868E060-C390-4D05-A37F-1C45C95C4440}.Release|Any CPU.Build.0 = Release|Any CPU
		{53BDEDA7-1432-4F74-8962-6D757DA7DD3B}.Debug|Any CPU.ActiveCfg = Debug|Any CPU
		{53BDEDA7-1432-4F74-8962-6D757DA7DD3B}.Debug|Any CPU.Build.0 = Debug|Any CPU
		{53BDEDA7-1432-4F74-8962-6D757DA7DD3B}.Release|Any CPU.ActiveCfg = Release|Any CPU
		{53BDEDA7-1432-4F74-8962-6D757DA7DD3B}.Release|Any CPU.Build.0 = Release|Any CPU
		{1BB6A3BC-DBAC-4F84-BE9D-951277FDB858}.Debug|Any CPU.ActiveCfg = Debug|Any CPU
		{1BB6A3BC-DBAC-4F84-BE9D-951277FDB858}.Debug|Any CPU.Build.0 = Debug|Any CPU
		{1BB6A3BC-DBAC-4F84-BE9D-951277FDB858}.Release|Any CPU.ActiveCfg = Release|Any CPU
		{1BB6A3BC-DBAC-4F84-BE9D-951277FDB858}.Release|Any CPU.Build.0 = Release|Any CPU
		{20D5F458-E68D-43A7-91FE-275D2E5332BC}.Debug|Any CPU.ActiveCfg = Debug|Any CPU
		{20D5F458-E68D-43A7-91FE-275D2E5332BC}.Debug|Any CPU.Build.0 = Debug|Any CPU
		{20D5F458-E68D-43A7-91FE-275D2E5332BC}.Release|Any CPU.ActiveCfg = Release|Any CPU
		{20D5F458-E68D-43A7-91FE-275D2E5332BC}.Release|Any CPU.Build.0 = Release|Any CPU
		{70FCC9A1-F1D0-4808-85CF-11D0B8B240B4}.Debug|Any CPU.ActiveCfg = Debug|Any CPU
		{70FCC9A1-F1D0-4808-85CF-11D0B8B240B4}.Debug|Any CPU.Build.0 = Debug|Any CPU
		{70FCC9A1-F1D0-4808-85CF-11D0B8B240B4}.Release|Any CPU.ActiveCfg = Release|Any CPU
		{70FCC9A1-F1D0-4808-85CF-11D0B8B240B4}.Release|Any CPU.Build.0 = Release|Any CPU
		{3D276642-101D-4828-BCFB-0E72D6272157}.Debug|Any CPU.ActiveCfg = Debug|Any CPU
		{3D276642-101D-4828-BCFB-0E72D6272157}.Debug|Any CPU.Build.0 = Debug|Any CPU
		{3D276642-101D-4828-BCFB-0E72D6272157}.Release|Any CPU.ActiveCfg = Release|Any CPU
		{3D276642-101D-4828-BCFB-0E72D6272157}.Release|Any CPU.Build.0 = Release|Any CPU
		{E30EBBAA-2E98-4426-8978-2FE0CAD7976E}.Debug|Any CPU.ActiveCfg = Debug|Any CPU
		{E30EBBAA-2E98-4426-8978-2FE0CAD7976E}.Debug|Any CPU.Build.0 = Debug|Any CPU
		{E30EBBAA-2E98-4426-8978-2FE0CAD7976E}.Release|Any CPU.ActiveCfg = Release|Any CPU
		{E30EBBAA-2E98-4426-8978-2FE0CAD7976E}.Release|Any CPU.Build.0 = Release|Any CPU
		{FB1C8095-4B85-4FAA-9BDD-387C6790A979}.Debug|Any CPU.ActiveCfg = Debug|Any CPU
		{FB1C8095-4B85-4FAA-9BDD-387C6790A979}.Debug|Any CPU.Build.0 = Debug|Any CPU
		{FB1C8095-4B85-4FAA-9BDD-387C6790A979}.Release|Any CPU.ActiveCfg = Release|Any CPU
		{FB1C8095-4B85-4FAA-9BDD-387C6790A979}.Release|Any CPU.Build.0 = Release|Any CPU
		{88D6B009-9F46-414B-8DA1-F273D549EFDA}.Debug|Any CPU.ActiveCfg = Debug|Any CPU
		{88D6B009-9F46-414B-8DA1-F273D549EFDA}.Debug|Any CPU.Build.0 = Debug|Any CPU
		{88D6B009-9F46-414B-8DA1-F273D549EFDA}.Release|Any CPU.ActiveCfg = Release|Any CPU
		{88D6B009-9F46-414B-8DA1-F273D549EFDA}.Release|Any CPU.Build.0 = Release|Any CPU
		{B3ECBD6A-A979-4983-B21C-8377937C0BFD}.Debug|Any CPU.ActiveCfg = Debug|Any CPU
		{B3ECBD6A-A979-4983-B21C-8377937C0BFD}.Debug|Any CPU.Build.0 = Debug|Any CPU
		{B3ECBD6A-A979-4983-B21C-8377937C0BFD}.Release|Any CPU.ActiveCfg = Release|Any CPU
		{B3ECBD6A-A979-4983-B21C-8377937C0BFD}.Release|Any CPU.Build.0 = Release|Any CPU
		{1D2AA94D-DCF5-4045-8A38-5D3A71E04C6C}.Debug|Any CPU.ActiveCfg = Debug|Any CPU
		{1D2AA94D-DCF5-4045-8A38-5D3A71E04C6C}.Debug|Any CPU.Build.0 = Debug|Any CPU
		{1D2AA94D-DCF5-4045-8A38-5D3A71E04C6C}.Release|Any CPU.ActiveCfg = Release|Any CPU
		{1D2AA94D-DCF5-4045-8A38-5D3A71E04C6C}.Release|Any CPU.Build.0 = Release|Any CPU
	EndGlobalSection
	GlobalSection(NestedProjects) = preSolution
		{346B0627-E05F-48B2-8A3B-681925116541} = {7DB678A5-63D6-4399-BA57-979AFF909428}
		{28B71DC5-D767-4371-A53D-82A94DB06288} = {7DB678A5-63D6-4399-BA57-979AFF909428}
		{B258F849-4870-40A3-A86C-64186CC94534} = {7DB678A5-63D6-4399-BA57-979AFF909428}
		{35750E60-DF22-4420-BDB9-01AB749E9185} = {7DB678A5-63D6-4399-BA57-979AFF909428}
		{AD47C2F9-5249-48B3-831C-D5CC6CC16D5A} = {7DB678A5-63D6-4399-BA57-979AFF909428}
		{961AA45C-3E9A-45FF-9C0C-989ED8296358} = {7DB678A5-63D6-4399-BA57-979AFF909428}
		{C75ED911-48DD-4387-9D70-E58C3A5DDBD6} = {7DB678A5-63D6-4399-BA57-979AFF909428}
		{C38F38D2-A4D5-4B4B-9992-588373F9505E} = {7DB678A5-63D6-4399-BA57-979AFF909428}
		{1281419B-056E-44EA-A09E-993881687FE9} = {7DB678A5-63D6-4399-BA57-979AFF909428}
		{8D57E3C9-2B40-4736-8A00-84E99B20DB43} = {7DB678A5-63D6-4399-BA57-979AFF909428}
		{71E4F335-04F6-46AC-9229-5C1338DF3D1A} = {7DB678A5-63D6-4399-BA57-979AFF909428}
		{F91F3CC8-2D93-4ADF-B504-32FE7B0634BB} = {7DB678A5-63D6-4399-BA57-979AFF909428}
		{5078807F-9B5F-4BE8-A1AA-19BADED90DAC} = {7DB678A5-63D6-4399-BA57-979AFF909428}
		{427BE24B-4CF1-4B50-A7DE-C52C647DC9D7} = {7DB678A5-63D6-4399-BA57-979AFF909428}
		{7A30512E-52ED-4A25-9C17-70C93157C544} = {7DB678A5-63D6-4399-BA57-979AFF909428}
		{2B71F4B4-72AC-4795-A2F5-8EDA1FED6A19} = {7DB678A5-63D6-4399-BA57-979AFF909428}
		{69C0A6D5-7A9F-4545-9FF8-C797E9074032} = {7DB678A5-63D6-4399-BA57-979AFF909428}
		{E2444868-DA76-427A-9A80-A05A98B7FC43} = {7DB678A5-63D6-4399-BA57-979AFF909428}
		{3BAA8DC3-B348-4015-9820-113D610C880B} = {7DB678A5-63D6-4399-BA57-979AFF909428}
		{73B244EF-B02A-4F69-BBF9-6EA7A7D80D30} = {7DB678A5-63D6-4399-BA57-979AFF909428}
		{8636BEC7-C73A-4643-95AB-2D296FD80205} = {7DB678A5-63D6-4399-BA57-979AFF909428}
		{0B145EDC-06A1-4936-A0DD-D0F2A4109733} = {C51DE21A-D911-4C30-ABD2-39A3B8DDDD89}
		{D2D695E9-0228-4113-9429-B311AF322E28} = {C51DE21A-D911-4C30-ABD2-39A3B8DDDD89}
		{3868E060-C390-4D05-A37F-1C45C95C4440} = {C51DE21A-D911-4C30-ABD2-39A3B8DDDD89}
		{53BDEDA7-1432-4F74-8962-6D757DA7DD3B} = {C51DE21A-D911-4C30-ABD2-39A3B8DDDD89}
		{1BB6A3BC-DBAC-4F84-BE9D-951277FDB858} = {C51DE21A-D911-4C30-ABD2-39A3B8DDDD89}
		{20D5F458-E68D-43A7-91FE-275D2E5332BC} = {C51DE21A-D911-4C30-ABD2-39A3B8DDDD89}
		{70FCC9A1-F1D0-4808-85CF-11D0B8B240B4} = {C51DE21A-D911-4C30-ABD2-39A3B8DDDD89}
		{3D276642-101D-4828-BCFB-0E72D6272157} = {C51DE21A-D911-4C30-ABD2-39A3B8DDDD89}
		{E30EBBAA-2E98-4426-8978-2FE0CAD7976E} = {C51DE21A-D911-4C30-ABD2-39A3B8DDDD89}
		{FB1C8095-4B85-4FAA-9BDD-387C6790A979} = {C51DE21A-D911-4C30-ABD2-39A3B8DDDD89}
		{88D6B009-9F46-414B-8DA1-F273D549EFDA} = {C51DE21A-D911-4C30-ABD2-39A3B8DDDD89}
		{B3ECBD6A-A979-4983-B21C-8377937C0BFD} = {C51DE21A-D911-4C30-ABD2-39A3B8DDDD89}
		{1D2AA94D-DCF5-4045-8A38-5D3A71E04C6C} = {C51DE21A-D911-4C30-ABD2-39A3B8DDDD89}
	EndGlobalSection
EndGlobal
