
Microsoft Visual Studio Solution File, Format Version 12.00
# Visual Studio Version 16
VisualStudioVersion = 16.0.28729.10
MinimumVisualStudioVersion = 10.0.40219.1
Project("{2150E333-8FDC-42A3-9474-1A3956D46DE8}") = "Solution Items", "Solution Items", "{4C0D8858-DA07-47D5-8260-FFCE5A028B83}"
	ProjectSection(SolutionItems) = preProject
		.editorconfig = .editorconfig
	EndProjectSection
EndProject
Project("{9A19103F-16F7-4668-BE54-9A1E7A4F7556}") = "Omnix.Serialization", "src\Omnix.Serialization\Omnix.Serialization.csproj", "{FDBBD71D-FA95-47E5-92C0-6D6A2D48C982}"
EndProject
Project("{9A19103F-16F7-4668-BE54-9A1E7A4F7556}") = "Omnix.Io", "src\Omnix.Io\Omnix.Io.csproj", "{09C88A71-040E-4BBC-8D87-0A73CC6356E8}"
EndProject
Project("{9A19103F-16F7-4668-BE54-9A1E7A4F7556}") = "Omnix.Network", "src\Omnix.Network\Omnix.Network.csproj", "{7FB3BB3A-27AF-488E-83D1-996E5FD0BC0B}"
EndProject
Project("{9A19103F-16F7-4668-BE54-9A1E7A4F7556}") = "Omnix.Network.Upnp", "src\Omnix.Network.Upnp\Omnix.Network.Upnp.csproj", "{4054BF1B-D7A2-4DE3-A9D2-E0C8E51B1621}"
EndProject
Project("{2150E333-8FDC-42A3-9474-1A3956D46DE8}") = "test", "test", "{CDE3119A-739A-44B1-8141-448AF0896E6C}"
EndProject
Project("{2150E333-8FDC-42A3-9474-1A3956D46DE8}") = "Sources", "Sources", "{28FCC997-2EE4-4D18-BAA0-96118DFA47BB}"
EndProject
Project("{9A19103F-16F7-4668-BE54-9A1E7A4F7556}") = "Omnix.Base", "src\Omnix.Base\Omnix.Base.csproj", "{770A6009-3EF6-48A4-9C78-B14D4A5137D3}"
EndProject
Project("{9A19103F-16F7-4668-BE54-9A1E7A4F7556}") = "Omnix.Base.Tests", "test\Omnix.Base.Tests\Omnix.Base.Tests.csproj", "{1CCDDF06-5DA2-4307-AB65-B61DBF2D8B8D}"
EndProject
Project("{9A19103F-16F7-4668-BE54-9A1E7A4F7556}") = "Omnix.Serialization.Tests", "test\Omnix.Serialization.Tests\Omnix.Serialization.Tests.csproj", "{55BB80AC-659F-47BF-BB1C-E5180E8DF47B}"
EndProject
Project("{9A19103F-16F7-4668-BE54-9A1E7A4F7556}") = "Omnix.Io.Tests", "test\Omnix.Io.Tests\Omnix.Io.Tests.csproj", "{95D06ED4-9182-48E1-8ED6-F185958893DC}"
EndProject
Project("{9A19103F-16F7-4668-BE54-9A1E7A4F7556}") = "Omnix.Network.Upnp.Tests", "test\Omnix.Network.Upnp.Tests\Omnix.Network.Upnp.Tests.csproj", "{520BA6DB-4476-43F0-9AF2-568841863716}"
EndProject
Project("{9A19103F-16F7-4668-BE54-9A1E7A4F7556}") = "FormatterBenchmarks", "perf\FormatterBenchmarks\FormatterBenchmarks.csproj", "{69AC7FCB-64B5-4E88-A5D8-7E326AFE67C8}"
EndProject
Project("{2150E333-8FDC-42A3-9474-1A3956D46DE8}") = "Benchmarks", "Benchmarks", "{D3C36B78-868D-4E27-910A-23FD8DB73F00}"
EndProject
Project("{9A19103F-16F7-4668-BE54-9A1E7A4F7556}") = "Omnix.Remoting", "src\Omnix.Remoting\Omnix.Remoting.csproj", "{83F09E24-1544-4AE2-A09D-ED05D8935F97}"
EndProject
Project("{9A19103F-16F7-4668-BE54-9A1E7A4F7556}") = "Omnix.Configuration", "src\Omnix.Configuration\Omnix.Configuration.csproj", "{185AF2D6-D07F-4363-A1CA-602156B71088}"
EndProject
Project("{9A19103F-16F7-4668-BE54-9A1E7A4F7556}") = "Omnix.Configuration.Tests", "test\Omnix.Configuration.Tests\Omnix.Configuration.Tests.csproj", "{7CB6EF50-A481-4D28-8DD7-D5E66CE31BE6}"
EndProject
Project("{9A19103F-16F7-4668-BE54-9A1E7A4F7556}") = "Omnix.Network.Proxies", "src\Omnix.Network.Proxies\Omnix.Network.Proxies.csproj", "{F132831B-F356-4963-8ED0-C86FA5892BA9}"
EndProject
Project("{9A19103F-16F7-4668-BE54-9A1E7A4F7556}") = "Omnix.Avalonia", "src\Omnix.Avalonia\Omnix.Avalonia.csproj", "{A144FD06-4134-4A78-AD4C-0265762A7A24}"
EndProject
Project("{9A19103F-16F7-4668-BE54-9A1E7A4F7556}") = "Omnix.Algorithms", "src\Omnix.Algorithms\Omnix.Algorithms.csproj", "{AC7674E8-5818-4D19-95AA-006852906CFD}"
EndProject
Project("{9A19103F-16F7-4668-BE54-9A1E7A4F7556}") = "Omnix.Algorithms.Tests", "test\Omnix.Algorithms.Tests\Omnix.Algorithms.Tests.csproj", "{A32FA4D9-C273-4CA1-B9A5-BF8886B619D0}"
EndProject
Project("{9A19103F-16F7-4668-BE54-9A1E7A4F7556}") = "Omnix.DataStructures", "src\Omnix.DataStructures\Omnix.DataStructures.csproj", "{C95E59A8-FE2B-43F6-9D6D-5E0FB97E390A}"
EndProject
Project("{9A19103F-16F7-4668-BE54-9A1E7A4F7556}") = "Omnix.DataStructures.Tests", "test\Omnix.DataStructures.Tests\Omnix.DataStructures.Tests.csproj", "{8AA79984-E7AA-4440-ADBE-D08A306A5486}"
EndProject
Project("{9A19103F-16F7-4668-BE54-9A1E7A4F7556}") = "ReedSolomonBenchmarks", "perf\ReedSolomonBenchmarks\ReedSolomonBenchmarks.csproj", "{B01D8FE7-8D1F-40C3-A01B-05DB8451E4AD}"
EndProject
Project("{9A19103F-16F7-4668-BE54-9A1E7A4F7556}") = "Omnix.Network.Tests", "test\Omnix.Network.Tests\Omnix.Network.Tests.csproj", "{CA049E81-F48D-4BBA-A940-379376F9EA5C}"
EndProject
Project("{9A19103F-16F7-4668-BE54-9A1E7A4F7556}") = "Omnix.Serialization.RocketPack", "src\Omnix.Serialization.RocketPack\Omnix.Serialization.RocketPack.csproj", "{F1233829-F1FB-4A68-B8DC-D78E5C1884F6}"
EndProject
Project("{9A19103F-16F7-4668-BE54-9A1E7A4F7556}") = "Omnix.Serialization.RocketPack.DefinitionCompiler", "src\Omnix.Serialization.RocketPack.DefinitionCompiler\Omnix.Serialization.RocketPack.DefinitionCompiler.csproj", "{88985034-568D-4FC8-9ADD-1DF197B6A27F}"
EndProject
Project("{9A19103F-16F7-4668-BE54-9A1E7A4F7556}") = "Omnix.Serialization.RocketPack.Tests", "test\Omnix.Serialization.RocketPack.Tests\Omnix.Serialization.RocketPack.Tests.csproj", "{10D915BB-E216-45D4-9752-3BCD2B826183}"
EndProject
Project("{9A19103F-16F7-4668-BE54-9A1E7A4F7556}") = "Omnix.Serialization.RocketPack.DefinitionCompiler.Tests", "test\Omnix.Serialization.RocketPack.DefinitionCompiler.Tests\Omnix.Serialization.RocketPack.DefinitionCompiler.Tests.csproj", "{4E150C22-D4F8-4BED-9EB4-5CEA32604D33}"
EndProject
Global
	GlobalSection(SolutionConfigurationPlatforms) = preSolution
		Debug|Any CPU = Debug|Any CPU
		Release|Any CPU = Release|Any CPU
	EndGlobalSection
	GlobalSection(ProjectConfigurationPlatforms) = postSolution
		{FDBBD71D-FA95-47E5-92C0-6D6A2D48C982}.Debug|Any CPU.ActiveCfg = Debug|Any CPU
		{FDBBD71D-FA95-47E5-92C0-6D6A2D48C982}.Debug|Any CPU.Build.0 = Debug|Any CPU
		{FDBBD71D-FA95-47E5-92C0-6D6A2D48C982}.Release|Any CPU.ActiveCfg = Release|Any CPU
		{FDBBD71D-FA95-47E5-92C0-6D6A2D48C982}.Release|Any CPU.Build.0 = Release|Any CPU
		{09C88A71-040E-4BBC-8D87-0A73CC6356E8}.Debug|Any CPU.ActiveCfg = Debug|Any CPU
		{09C88A71-040E-4BBC-8D87-0A73CC6356E8}.Debug|Any CPU.Build.0 = Debug|Any CPU
		{09C88A71-040E-4BBC-8D87-0A73CC6356E8}.Release|Any CPU.ActiveCfg = Release|Any CPU
		{09C88A71-040E-4BBC-8D87-0A73CC6356E8}.Release|Any CPU.Build.0 = Release|Any CPU
		{7FB3BB3A-27AF-488E-83D1-996E5FD0BC0B}.Debug|Any CPU.ActiveCfg = Debug|Any CPU
		{7FB3BB3A-27AF-488E-83D1-996E5FD0BC0B}.Debug|Any CPU.Build.0 = Debug|Any CPU
		{7FB3BB3A-27AF-488E-83D1-996E5FD0BC0B}.Release|Any CPU.ActiveCfg = Release|Any CPU
		{7FB3BB3A-27AF-488E-83D1-996E5FD0BC0B}.Release|Any CPU.Build.0 = Release|Any CPU
		{4054BF1B-D7A2-4DE3-A9D2-E0C8E51B1621}.Debug|Any CPU.ActiveCfg = Debug|Any CPU
		{4054BF1B-D7A2-4DE3-A9D2-E0C8E51B1621}.Debug|Any CPU.Build.0 = Debug|Any CPU
		{4054BF1B-D7A2-4DE3-A9D2-E0C8E51B1621}.Release|Any CPU.ActiveCfg = Release|Any CPU
		{4054BF1B-D7A2-4DE3-A9D2-E0C8E51B1621}.Release|Any CPU.Build.0 = Release|Any CPU
		{770A6009-3EF6-48A4-9C78-B14D4A5137D3}.Debug|Any CPU.ActiveCfg = Debug|Any CPU
		{770A6009-3EF6-48A4-9C78-B14D4A5137D3}.Debug|Any CPU.Build.0 = Debug|Any CPU
		{770A6009-3EF6-48A4-9C78-B14D4A5137D3}.Release|Any CPU.ActiveCfg = Release|Any CPU
		{770A6009-3EF6-48A4-9C78-B14D4A5137D3}.Release|Any CPU.Build.0 = Release|Any CPU
		{1CCDDF06-5DA2-4307-AB65-B61DBF2D8B8D}.Debug|Any CPU.ActiveCfg = Debug|Any CPU
		{1CCDDF06-5DA2-4307-AB65-B61DBF2D8B8D}.Debug|Any CPU.Build.0 = Debug|Any CPU
		{1CCDDF06-5DA2-4307-AB65-B61DBF2D8B8D}.Release|Any CPU.ActiveCfg = Release|Any CPU
		{1CCDDF06-5DA2-4307-AB65-B61DBF2D8B8D}.Release|Any CPU.Build.0 = Release|Any CPU
		{55BB80AC-659F-47BF-BB1C-E5180E8DF47B}.Debug|Any CPU.ActiveCfg = Debug|Any CPU
		{55BB80AC-659F-47BF-BB1C-E5180E8DF47B}.Debug|Any CPU.Build.0 = Debug|Any CPU
		{55BB80AC-659F-47BF-BB1C-E5180E8DF47B}.Release|Any CPU.ActiveCfg = Release|Any CPU
		{55BB80AC-659F-47BF-BB1C-E5180E8DF47B}.Release|Any CPU.Build.0 = Release|Any CPU
		{95D06ED4-9182-48E1-8ED6-F185958893DC}.Debug|Any CPU.ActiveCfg = Debug|Any CPU
		{95D06ED4-9182-48E1-8ED6-F185958893DC}.Debug|Any CPU.Build.0 = Debug|Any CPU
		{95D06ED4-9182-48E1-8ED6-F185958893DC}.Release|Any CPU.ActiveCfg = Release|Any CPU
		{95D06ED4-9182-48E1-8ED6-F185958893DC}.Release|Any CPU.Build.0 = Release|Any CPU
		{520BA6DB-4476-43F0-9AF2-568841863716}.Debug|Any CPU.ActiveCfg = Debug|Any CPU
		{520BA6DB-4476-43F0-9AF2-568841863716}.Debug|Any CPU.Build.0 = Debug|Any CPU
		{520BA6DB-4476-43F0-9AF2-568841863716}.Release|Any CPU.ActiveCfg = Release|Any CPU
		{520BA6DB-4476-43F0-9AF2-568841863716}.Release|Any CPU.Build.0 = Release|Any CPU
		{69AC7FCB-64B5-4E88-A5D8-7E326AFE67C8}.Debug|Any CPU.ActiveCfg = Debug|Any CPU
		{69AC7FCB-64B5-4E88-A5D8-7E326AFE67C8}.Debug|Any CPU.Build.0 = Debug|Any CPU
		{69AC7FCB-64B5-4E88-A5D8-7E326AFE67C8}.Release|Any CPU.ActiveCfg = Release|Any CPU
		{69AC7FCB-64B5-4E88-A5D8-7E326AFE67C8}.Release|Any CPU.Build.0 = Release|Any CPU
		{83F09E24-1544-4AE2-A09D-ED05D8935F97}.Debug|Any CPU.ActiveCfg = Debug|Any CPU
		{83F09E24-1544-4AE2-A09D-ED05D8935F97}.Debug|Any CPU.Build.0 = Debug|Any CPU
		{83F09E24-1544-4AE2-A09D-ED05D8935F97}.Release|Any CPU.ActiveCfg = Release|Any CPU
		{83F09E24-1544-4AE2-A09D-ED05D8935F97}.Release|Any CPU.Build.0 = Release|Any CPU
		{185AF2D6-D07F-4363-A1CA-602156B71088}.Debug|Any CPU.ActiveCfg = Debug|Any CPU
		{185AF2D6-D07F-4363-A1CA-602156B71088}.Debug|Any CPU.Build.0 = Debug|Any CPU
		{185AF2D6-D07F-4363-A1CA-602156B71088}.Release|Any CPU.ActiveCfg = Release|Any CPU
		{185AF2D6-D07F-4363-A1CA-602156B71088}.Release|Any CPU.Build.0 = Release|Any CPU
		{7CB6EF50-A481-4D28-8DD7-D5E66CE31BE6}.Debug|Any CPU.ActiveCfg = Debug|Any CPU
		{7CB6EF50-A481-4D28-8DD7-D5E66CE31BE6}.Debug|Any CPU.Build.0 = Debug|Any CPU
		{7CB6EF50-A481-4D28-8DD7-D5E66CE31BE6}.Release|Any CPU.ActiveCfg = Release|Any CPU
		{7CB6EF50-A481-4D28-8DD7-D5E66CE31BE6}.Release|Any CPU.Build.0 = Release|Any CPU
		{F132831B-F356-4963-8ED0-C86FA5892BA9}.Debug|Any CPU.ActiveCfg = Debug|Any CPU
		{F132831B-F356-4963-8ED0-C86FA5892BA9}.Debug|Any CPU.Build.0 = Debug|Any CPU
		{F132831B-F356-4963-8ED0-C86FA5892BA9}.Release|Any CPU.ActiveCfg = Release|Any CPU
		{F132831B-F356-4963-8ED0-C86FA5892BA9}.Release|Any CPU.Build.0 = Release|Any CPU
		{A144FD06-4134-4A78-AD4C-0265762A7A24}.Debug|Any CPU.ActiveCfg = Debug|Any CPU
		{A144FD06-4134-4A78-AD4C-0265762A7A24}.Debug|Any CPU.Build.0 = Debug|Any CPU
		{A144FD06-4134-4A78-AD4C-0265762A7A24}.Release|Any CPU.ActiveCfg = Release|Any CPU
		{A144FD06-4134-4A78-AD4C-0265762A7A24}.Release|Any CPU.Build.0 = Release|Any CPU
		{AC7674E8-5818-4D19-95AA-006852906CFD}.Debug|Any CPU.ActiveCfg = Debug|Any CPU
		{AC7674E8-5818-4D19-95AA-006852906CFD}.Debug|Any CPU.Build.0 = Debug|Any CPU
		{AC7674E8-5818-4D19-95AA-006852906CFD}.Release|Any CPU.ActiveCfg = Release|Any CPU
		{AC7674E8-5818-4D19-95AA-006852906CFD}.Release|Any CPU.Build.0 = Release|Any CPU
		{A32FA4D9-C273-4CA1-B9A5-BF8886B619D0}.Debug|Any CPU.ActiveCfg = Debug|Any CPU
		{A32FA4D9-C273-4CA1-B9A5-BF8886B619D0}.Debug|Any CPU.Build.0 = Debug|Any CPU
		{A32FA4D9-C273-4CA1-B9A5-BF8886B619D0}.Release|Any CPU.ActiveCfg = Release|Any CPU
		{A32FA4D9-C273-4CA1-B9A5-BF8886B619D0}.Release|Any CPU.Build.0 = Release|Any CPU
		{C95E59A8-FE2B-43F6-9D6D-5E0FB97E390A}.Debug|Any CPU.ActiveCfg = Debug|Any CPU
		{C95E59A8-FE2B-43F6-9D6D-5E0FB97E390A}.Debug|Any CPU.Build.0 = Debug|Any CPU
		{C95E59A8-FE2B-43F6-9D6D-5E0FB97E390A}.Release|Any CPU.ActiveCfg = Release|Any CPU
		{C95E59A8-FE2B-43F6-9D6D-5E0FB97E390A}.Release|Any CPU.Build.0 = Release|Any CPU
		{8AA79984-E7AA-4440-ADBE-D08A306A5486}.Debug|Any CPU.ActiveCfg = Debug|Any CPU
		{8AA79984-E7AA-4440-ADBE-D08A306A5486}.Debug|Any CPU.Build.0 = Debug|Any CPU
		{8AA79984-E7AA-4440-ADBE-D08A306A5486}.Release|Any CPU.ActiveCfg = Release|Any CPU
		{8AA79984-E7AA-4440-ADBE-D08A306A5486}.Release|Any CPU.Build.0 = Release|Any CPU
		{B01D8FE7-8D1F-40C3-A01B-05DB8451E4AD}.Debug|Any CPU.ActiveCfg = Debug|Any CPU
		{B01D8FE7-8D1F-40C3-A01B-05DB8451E4AD}.Debug|Any CPU.Build.0 = Debug|Any CPU
		{B01D8FE7-8D1F-40C3-A01B-05DB8451E4AD}.Release|Any CPU.ActiveCfg = Release|Any CPU
		{B01D8FE7-8D1F-40C3-A01B-05DB8451E4AD}.Release|Any CPU.Build.0 = Release|Any CPU
		{CA049E81-F48D-4BBA-A940-379376F9EA5C}.Debug|Any CPU.ActiveCfg = Debug|Any CPU
		{CA049E81-F48D-4BBA-A940-379376F9EA5C}.Debug|Any CPU.Build.0 = Debug|Any CPU
		{CA049E81-F48D-4BBA-A940-379376F9EA5C}.Release|Any CPU.ActiveCfg = Release|Any CPU
		{CA049E81-F48D-4BBA-A940-379376F9EA5C}.Release|Any CPU.Build.0 = Release|Any CPU
		{F1233829-F1FB-4A68-B8DC-D78E5C1884F6}.Debug|Any CPU.ActiveCfg = Debug|Any CPU
		{F1233829-F1FB-4A68-B8DC-D78E5C1884F6}.Debug|Any CPU.Build.0 = Debug|Any CPU
		{F1233829-F1FB-4A68-B8DC-D78E5C1884F6}.Release|Any CPU.ActiveCfg = Release|Any CPU
		{F1233829-F1FB-4A68-B8DC-D78E5C1884F6}.Release|Any CPU.Build.0 = Release|Any CPU
		{88985034-568D-4FC8-9ADD-1DF197B6A27F}.Debug|Any CPU.ActiveCfg = Debug|Any CPU
		{88985034-568D-4FC8-9ADD-1DF197B6A27F}.Debug|Any CPU.Build.0 = Debug|Any CPU
		{88985034-568D-4FC8-9ADD-1DF197B6A27F}.Release|Any CPU.ActiveCfg = Release|Any CPU
		{88985034-568D-4FC8-9ADD-1DF197B6A27F}.Release|Any CPU.Build.0 = Release|Any CPU
		{10D915BB-E216-45D4-9752-3BCD2B826183}.Debug|Any CPU.ActiveCfg = Debug|Any CPU
		{10D915BB-E216-45D4-9752-3BCD2B826183}.Debug|Any CPU.Build.0 = Debug|Any CPU
		{10D915BB-E216-45D4-9752-3BCD2B826183}.Release|Any CPU.ActiveCfg = Release|Any CPU
		{10D915BB-E216-45D4-9752-3BCD2B826183}.Release|Any CPU.Build.0 = Release|Any CPU
		{4E150C22-D4F8-4BED-9EB4-5CEA32604D33}.Debug|Any CPU.ActiveCfg = Debug|Any CPU
		{4E150C22-D4F8-4BED-9EB4-5CEA32604D33}.Debug|Any CPU.Build.0 = Debug|Any CPU
		{4E150C22-D4F8-4BED-9EB4-5CEA32604D33}.Release|Any CPU.ActiveCfg = Release|Any CPU
		{4E150C22-D4F8-4BED-9EB4-5CEA32604D33}.Release|Any CPU.Build.0 = Release|Any CPU
	EndGlobalSection
	GlobalSection(SolutionProperties) = preSolution
		HideSolutionNode = FALSE
	EndGlobalSection
	GlobalSection(NestedProjects) = preSolution
		{FDBBD71D-FA95-47E5-92C0-6D6A2D48C982} = {28FCC997-2EE4-4D18-BAA0-96118DFA47BB}
		{09C88A71-040E-4BBC-8D87-0A73CC6356E8} = {28FCC997-2EE4-4D18-BAA0-96118DFA47BB}
		{7FB3BB3A-27AF-488E-83D1-996E5FD0BC0B} = {28FCC997-2EE4-4D18-BAA0-96118DFA47BB}
		{4054BF1B-D7A2-4DE3-A9D2-E0C8E51B1621} = {28FCC997-2EE4-4D18-BAA0-96118DFA47BB}
		{770A6009-3EF6-48A4-9C78-B14D4A5137D3} = {28FCC997-2EE4-4D18-BAA0-96118DFA47BB}
		{1CCDDF06-5DA2-4307-AB65-B61DBF2D8B8D} = {CDE3119A-739A-44B1-8141-448AF0896E6C}
		{55BB80AC-659F-47BF-BB1C-E5180E8DF47B} = {CDE3119A-739A-44B1-8141-448AF0896E6C}
		{95D06ED4-9182-48E1-8ED6-F185958893DC} = {CDE3119A-739A-44B1-8141-448AF0896E6C}
		{520BA6DB-4476-43F0-9AF2-568841863716} = {CDE3119A-739A-44B1-8141-448AF0896E6C}
		{69AC7FCB-64B5-4E88-A5D8-7E326AFE67C8} = {D3C36B78-868D-4E27-910A-23FD8DB73F00}
		{83F09E24-1544-4AE2-A09D-ED05D8935F97} = {28FCC997-2EE4-4D18-BAA0-96118DFA47BB}
		{185AF2D6-D07F-4363-A1CA-602156B71088} = {28FCC997-2EE4-4D18-BAA0-96118DFA47BB}
		{7CB6EF50-A481-4D28-8DD7-D5E66CE31BE6} = {CDE3119A-739A-44B1-8141-448AF0896E6C}
		{F132831B-F356-4963-8ED0-C86FA5892BA9} = {28FCC997-2EE4-4D18-BAA0-96118DFA47BB}
		{A144FD06-4134-4A78-AD4C-0265762A7A24} = {28FCC997-2EE4-4D18-BAA0-96118DFA47BB}
		{AC7674E8-5818-4D19-95AA-006852906CFD} = {28FCC997-2EE4-4D18-BAA0-96118DFA47BB}
		{A32FA4D9-C273-4CA1-B9A5-BF8886B619D0} = {CDE3119A-739A-44B1-8141-448AF0896E6C}
		{C95E59A8-FE2B-43F6-9D6D-5E0FB97E390A} = {28FCC997-2EE4-4D18-BAA0-96118DFA47BB}
		{8AA79984-E7AA-4440-ADBE-D08A306A5486} = {CDE3119A-739A-44B1-8141-448AF0896E6C}
		{B01D8FE7-8D1F-40C3-A01B-05DB8451E4AD} = {D3C36B78-868D-4E27-910A-23FD8DB73F00}
		{CA049E81-F48D-4BBA-A940-379376F9EA5C} = {CDE3119A-739A-44B1-8141-448AF0896E6C}
		{F1233829-F1FB-4A68-B8DC-D78E5C1884F6} = {28FCC997-2EE4-4D18-BAA0-96118DFA47BB}
		{88985034-568D-4FC8-9ADD-1DF197B6A27F} = {28FCC997-2EE4-4D18-BAA0-96118DFA47BB}
		{10D915BB-E216-45D4-9752-3BCD2B826183} = {CDE3119A-739A-44B1-8141-448AF0896E6C}
		{4E150C22-D4F8-4BED-9EB4-5CEA32604D33} = {CDE3119A-739A-44B1-8141-448AF0896E6C}
	EndGlobalSection
	GlobalSection(ExtensibilityGlobals) = postSolution
		SolutionGuid = {2CD56E0F-71CF-44BB-848D-F2A9EA663E45}
	EndGlobalSection
EndGlobal
