
Microsoft Visual Studio Solution File, Format Version 12.00
# Visual Studio 15
VisualStudioVersion = 15.0.27703.2026
MinimumVisualStudioVersion = 10.0.40219.1
Project("{9A19103F-16F7-4668-BE54-9A1E7A4F7556}") = "Omnix.Collections", "src\Omnix.Collections\Omnix.Collections.csproj", "{FCE23238-F711-444A-83E6-63CEA6EDEEE4}"
EndProject
Project("{2150E333-8FDC-42A3-9474-1A3956D46DE8}") = "Solution Items", "Solution Items", "{4C0D8858-DA07-47D5-8260-FFCE5A028B83}"
	ProjectSection(SolutionItems) = preProject
		.editorconfig = .editorconfig
	EndProjectSection
EndProject
Project("{9A19103F-16F7-4668-BE54-9A1E7A4F7556}") = "Omnix.Serialization", "src\Omnix.Serialization\Omnix.Serialization.csproj", "{FDBBD71D-FA95-47E5-92C0-6D6A2D48C982}"
EndProject
Project("{9A19103F-16F7-4668-BE54-9A1E7A4F7556}") = "Omnix.Io", "src\Omnix.Io\Omnix.Io.csproj", "{09C88A71-040E-4BBC-8D87-0A73CC6356E8}"
EndProject
Project("{9A19103F-16F7-4668-BE54-9A1E7A4F7556}") = "Omnix.Network.Connection", "src\Omnix.Network.Connection\Omnix.Network.Connection.csproj", "{A2C149EC-E028-4ABE-B066-9AF501452E24}"
EndProject
Project("{9A19103F-16F7-4668-BE54-9A1E7A4F7556}") = "Omnix.Network", "src\Omnix.Network\Omnix.Network.csproj", "{7FB3BB3A-27AF-488E-83D1-996E5FD0BC0B}"
EndProject
Project("{9A19103F-16F7-4668-BE54-9A1E7A4F7556}") = "Omnix.Network.Upnp", "src\Omnix.Network.Upnp\Omnix.Network.Upnp.csproj", "{4054BF1B-D7A2-4DE3-A9D2-E0C8E51B1621}"
EndProject
Project("{9A19103F-16F7-4668-BE54-9A1E7A4F7556}") = "Omnix.Serialization.RocketPack", "src\Omnix.Serialization.RocketPack\Omnix.Serialization.RocketPack.csproj", "{EFC4155D-2A92-4B16-A40B-79CB09676A6D}"
EndProject
Project("{9A19103F-16F7-4668-BE54-9A1E7A4F7556}") = "Omnix.Serialization.RocketPack.CodeGenerator", "src\Omnix.Serialization.RocketPack.CodeGenerator\Omnix.Serialization.RocketPack.CodeGenerator.csproj", "{A79362A9-1D82-4918-A6D1-093632D9B0D2}"
EndProject
Project("{2150E333-8FDC-42A3-9474-1A3956D46DE8}") = "Tests", "Tests", "{CDE3119A-739A-44B1-8141-448AF0896E6C}"
EndProject
Project("{2150E333-8FDC-42A3-9474-1A3956D46DE8}") = "Sources", "Sources", "{28FCC997-2EE4-4D18-BAA0-96118DFA47BB}"
EndProject
Project("{9A19103F-16F7-4668-BE54-9A1E7A4F7556}") = "Omnix.Cryptography", "src\Omnix.Cryptography\Omnix.Cryptography.csproj", "{993C9F56-4C24-47B0-B94E-7FD173B20FB8}"
EndProject
Project("{9A19103F-16F7-4668-BE54-9A1E7A4F7556}") = "Omnix.Base", "src\Omnix.Base\Omnix.Base.csproj", "{770A6009-3EF6-48A4-9C78-B14D4A5137D3}"
EndProject
Project("{9A19103F-16F7-4668-BE54-9A1E7A4F7556}") = "Omnix.Base.Tests", "tests\Omnix.Base.Tests\Omnix.Base.Tests.csproj", "{1CCDDF06-5DA2-4307-AB65-B61DBF2D8B8D}"
EndProject
Project("{9A19103F-16F7-4668-BE54-9A1E7A4F7556}") = "Omnix.Collections.Tests", "tests\Omnix.Collections.Tests\Omnix.Collections.Tests.csproj", "{A34B4A22-7AAC-47A0-BB17-7056099449C7}"
EndProject
Project("{9A19103F-16F7-4668-BE54-9A1E7A4F7556}") = "Omnix.Serialization.Tests", "tests\Omnix.Serialization.Tests\Omnix.Serialization.Tests.csproj", "{55BB80AC-659F-47BF-BB1C-E5180E8DF47B}"
EndProject
Project("{9A19103F-16F7-4668-BE54-9A1E7A4F7556}") = "Omnix.Serialization.RocketPack.CodeGenerator.Tests", "tests\Omnix.Serialization.RocketPack.CodeGenerator.Tests\Omnix.Serialization.RocketPack.CodeGenerator.Tests.csproj", "{396D3A38-A580-4964-98C8-830C2E4EBF1E}"
EndProject
Project("{9A19103F-16F7-4668-BE54-9A1E7A4F7556}") = "Omnix.Io.Tests", "tests\Omnix.Io.Tests\Omnix.Io.Tests.csproj", "{95D06ED4-9182-48E1-8ED6-F185958893DC}"
EndProject
Project("{9A19103F-16F7-4668-BE54-9A1E7A4F7556}") = "Omnix.Network.I2p", "src\Omnix.Network.I2p\Omnix.Network.I2p.csproj", "{0C50913E-6E32-42C2-8681-05E0668A2BF4}"
EndProject
Project("{9A19103F-16F7-4668-BE54-9A1E7A4F7556}") = "Omnix.Network.Tor", "src\Omnix.Network.Tor\Omnix.Network.Tor.csproj", "{31FF153E-D933-49CA-B89D-DE7F21E0CFDE}"
EndProject
Project("{9A19103F-16F7-4668-BE54-9A1E7A4F7556}") = "Omnix.Correction", "src\Omnix.Correction\Omnix.Correction.csproj", "{040894F6-3545-4F33-994B-32108F1C567E}"
EndProject
Project("{9A19103F-16F7-4668-BE54-9A1E7A4F7556}") = "Omnix.Network.Connection.Tests", "tests\Omnix.Network.Connection.Tests\Omnix.Network.Connection.Tests.csproj", "{4B0A0305-E1EF-4C80-85ED-0500CD3B876E}"
EndProject
Project("{9A19103F-16F7-4668-BE54-9A1E7A4F7556}") = "Omnix.Network.Upnp.Tests", "tests\Omnix.Network.Upnp.Tests\Omnix.Network.Upnp.Tests.csproj", "{520BA6DB-4476-43F0-9AF2-568841863716}"
EndProject
Project("{9A19103F-16F7-4668-BE54-9A1E7A4F7556}") = "Omnix.Cryptography.Tests", "tests\Omnix.Cryptography.Tests\Omnix.Cryptography.Tests.csproj", "{07086BB5-1CCE-437A-804E-2C018599D893}"
EndProject
Project("{9A19103F-16F7-4668-BE54-9A1E7A4F7556}") = "FormatterBenchmarks", "perf\FormatterBenchmarks\FormatterBenchmarks.csproj", "{69AC7FCB-64B5-4E88-A5D8-7E326AFE67C8}"
EndProject
Project("{2150E333-8FDC-42A3-9474-1A3956D46DE8}") = "Benchmarks", "Benchmarks", "{D3C36B78-868D-4E27-910A-23FD8DB73F00}"
EndProject
Project("{9A19103F-16F7-4668-BE54-9A1E7A4F7556}") = "Omnix.Cryptography.HashcashComputer", "src\Omnix.Cryptography.HashcashComputer\Omnix.Cryptography.HashcashComputer.csproj", "{6B302E32-78BD-4FAF-8244-AD758C589710}"
EndProject
Project("{9A19103F-16F7-4668-BE54-9A1E7A4F7556}") = "Omnix.Avalonia", "src\Omnix.Avalonia\Omnix.Avalonia.csproj", "{3B17B0FA-BF3F-4F44-8DF2-29203909557C}"
EndProject
Project("{FAE04EC0-301F-11D3-BF4B-00C04F79EFBC}") = "Omnix.Remoting", "src\Omnix.Remoting\Omnix.Remoting.csproj", "{83F09E24-1544-4AE2-A09D-ED05D8935F97}"
EndProject
Global
	GlobalSection(SolutionConfigurationPlatforms) = preSolution
		Debug|Any CPU = Debug|Any CPU
		Release|Any CPU = Release|Any CPU
	EndGlobalSection
	GlobalSection(ProjectConfigurationPlatforms) = postSolution
		{FCE23238-F711-444A-83E6-63CEA6EDEEE4}.Debug|Any CPU.ActiveCfg = Debug|Any CPU
		{FCE23238-F711-444A-83E6-63CEA6EDEEE4}.Debug|Any CPU.Build.0 = Debug|Any CPU
		{FCE23238-F711-444A-83E6-63CEA6EDEEE4}.Release|Any CPU.ActiveCfg = Release|Any CPU
		{FCE23238-F711-444A-83E6-63CEA6EDEEE4}.Release|Any CPU.Build.0 = Release|Any CPU
		{FDBBD71D-FA95-47E5-92C0-6D6A2D48C982}.Debug|Any CPU.ActiveCfg = Debug|Any CPU
		{FDBBD71D-FA95-47E5-92C0-6D6A2D48C982}.Debug|Any CPU.Build.0 = Debug|Any CPU
		{FDBBD71D-FA95-47E5-92C0-6D6A2D48C982}.Release|Any CPU.ActiveCfg = Release|Any CPU
		{FDBBD71D-FA95-47E5-92C0-6D6A2D48C982}.Release|Any CPU.Build.0 = Release|Any CPU
		{09C88A71-040E-4BBC-8D87-0A73CC6356E8}.Debug|Any CPU.ActiveCfg = Debug|Any CPU
		{09C88A71-040E-4BBC-8D87-0A73CC6356E8}.Debug|Any CPU.Build.0 = Debug|Any CPU
		{09C88A71-040E-4BBC-8D87-0A73CC6356E8}.Release|Any CPU.ActiveCfg = Release|Any CPU
		{09C88A71-040E-4BBC-8D87-0A73CC6356E8}.Release|Any CPU.Build.0 = Release|Any CPU
		{A2C149EC-E028-4ABE-B066-9AF501452E24}.Debug|Any CPU.ActiveCfg = Debug|Any CPU
		{A2C149EC-E028-4ABE-B066-9AF501452E24}.Debug|Any CPU.Build.0 = Debug|Any CPU
		{A2C149EC-E028-4ABE-B066-9AF501452E24}.Release|Any CPU.ActiveCfg = Release|Any CPU
		{A2C149EC-E028-4ABE-B066-9AF501452E24}.Release|Any CPU.Build.0 = Release|Any CPU
		{7FB3BB3A-27AF-488E-83D1-996E5FD0BC0B}.Debug|Any CPU.ActiveCfg = Debug|Any CPU
		{7FB3BB3A-27AF-488E-83D1-996E5FD0BC0B}.Debug|Any CPU.Build.0 = Debug|Any CPU
		{7FB3BB3A-27AF-488E-83D1-996E5FD0BC0B}.Release|Any CPU.ActiveCfg = Release|Any CPU
		{7FB3BB3A-27AF-488E-83D1-996E5FD0BC0B}.Release|Any CPU.Build.0 = Release|Any CPU
		{4054BF1B-D7A2-4DE3-A9D2-E0C8E51B1621}.Debug|Any CPU.ActiveCfg = Debug|Any CPU
		{4054BF1B-D7A2-4DE3-A9D2-E0C8E51B1621}.Debug|Any CPU.Build.0 = Debug|Any CPU
		{4054BF1B-D7A2-4DE3-A9D2-E0C8E51B1621}.Release|Any CPU.ActiveCfg = Release|Any CPU
		{4054BF1B-D7A2-4DE3-A9D2-E0C8E51B1621}.Release|Any CPU.Build.0 = Release|Any CPU
		{EFC4155D-2A92-4B16-A40B-79CB09676A6D}.Debug|Any CPU.ActiveCfg = Debug|Any CPU
		{EFC4155D-2A92-4B16-A40B-79CB09676A6D}.Debug|Any CPU.Build.0 = Debug|Any CPU
		{EFC4155D-2A92-4B16-A40B-79CB09676A6D}.Release|Any CPU.ActiveCfg = Release|Any CPU
		{EFC4155D-2A92-4B16-A40B-79CB09676A6D}.Release|Any CPU.Build.0 = Release|Any CPU
		{A79362A9-1D82-4918-A6D1-093632D9B0D2}.Debug|Any CPU.ActiveCfg = Debug|Any CPU
		{A79362A9-1D82-4918-A6D1-093632D9B0D2}.Debug|Any CPU.Build.0 = Debug|Any CPU
		{A79362A9-1D82-4918-A6D1-093632D9B0D2}.Release|Any CPU.ActiveCfg = Release|Any CPU
		{A79362A9-1D82-4918-A6D1-093632D9B0D2}.Release|Any CPU.Build.0 = Release|Any CPU
		{993C9F56-4C24-47B0-B94E-7FD173B20FB8}.Debug|Any CPU.ActiveCfg = Debug|Any CPU
		{993C9F56-4C24-47B0-B94E-7FD173B20FB8}.Debug|Any CPU.Build.0 = Debug|Any CPU
		{993C9F56-4C24-47B0-B94E-7FD173B20FB8}.Release|Any CPU.ActiveCfg = Release|Any CPU
		{993C9F56-4C24-47B0-B94E-7FD173B20FB8}.Release|Any CPU.Build.0 = Release|Any CPU
		{770A6009-3EF6-48A4-9C78-B14D4A5137D3}.Debug|Any CPU.ActiveCfg = Debug|Any CPU
		{770A6009-3EF6-48A4-9C78-B14D4A5137D3}.Debug|Any CPU.Build.0 = Debug|Any CPU
		{770A6009-3EF6-48A4-9C78-B14D4A5137D3}.Release|Any CPU.ActiveCfg = Release|Any CPU
		{770A6009-3EF6-48A4-9C78-B14D4A5137D3}.Release|Any CPU.Build.0 = Release|Any CPU
		{1CCDDF06-5DA2-4307-AB65-B61DBF2D8B8D}.Debug|Any CPU.ActiveCfg = Debug|Any CPU
		{1CCDDF06-5DA2-4307-AB65-B61DBF2D8B8D}.Debug|Any CPU.Build.0 = Debug|Any CPU
		{1CCDDF06-5DA2-4307-AB65-B61DBF2D8B8D}.Release|Any CPU.ActiveCfg = Release|Any CPU
		{1CCDDF06-5DA2-4307-AB65-B61DBF2D8B8D}.Release|Any CPU.Build.0 = Release|Any CPU
		{A34B4A22-7AAC-47A0-BB17-7056099449C7}.Debug|Any CPU.ActiveCfg = Debug|Any CPU
		{A34B4A22-7AAC-47A0-BB17-7056099449C7}.Debug|Any CPU.Build.0 = Debug|Any CPU
		{A34B4A22-7AAC-47A0-BB17-7056099449C7}.Release|Any CPU.ActiveCfg = Release|Any CPU
		{A34B4A22-7AAC-47A0-BB17-7056099449C7}.Release|Any CPU.Build.0 = Release|Any CPU
		{55BB80AC-659F-47BF-BB1C-E5180E8DF47B}.Debug|Any CPU.ActiveCfg = Debug|Any CPU
		{55BB80AC-659F-47BF-BB1C-E5180E8DF47B}.Debug|Any CPU.Build.0 = Debug|Any CPU
		{55BB80AC-659F-47BF-BB1C-E5180E8DF47B}.Release|Any CPU.ActiveCfg = Release|Any CPU
		{55BB80AC-659F-47BF-BB1C-E5180E8DF47B}.Release|Any CPU.Build.0 = Release|Any CPU
		{396D3A38-A580-4964-98C8-830C2E4EBF1E}.Debug|Any CPU.ActiveCfg = Debug|Any CPU
		{396D3A38-A580-4964-98C8-830C2E4EBF1E}.Debug|Any CPU.Build.0 = Debug|Any CPU
		{396D3A38-A580-4964-98C8-830C2E4EBF1E}.Release|Any CPU.ActiveCfg = Release|Any CPU
		{396D3A38-A580-4964-98C8-830C2E4EBF1E}.Release|Any CPU.Build.0 = Release|Any CPU
		{95D06ED4-9182-48E1-8ED6-F185958893DC}.Debug|Any CPU.ActiveCfg = Debug|Any CPU
		{95D06ED4-9182-48E1-8ED6-F185958893DC}.Debug|Any CPU.Build.0 = Debug|Any CPU
		{95D06ED4-9182-48E1-8ED6-F185958893DC}.Release|Any CPU.ActiveCfg = Release|Any CPU
		{95D06ED4-9182-48E1-8ED6-F185958893DC}.Release|Any CPU.Build.0 = Release|Any CPU
		{0C50913E-6E32-42C2-8681-05E0668A2BF4}.Debug|Any CPU.ActiveCfg = Debug|Any CPU
		{0C50913E-6E32-42C2-8681-05E0668A2BF4}.Debug|Any CPU.Build.0 = Debug|Any CPU
		{0C50913E-6E32-42C2-8681-05E0668A2BF4}.Release|Any CPU.ActiveCfg = Release|Any CPU
		{0C50913E-6E32-42C2-8681-05E0668A2BF4}.Release|Any CPU.Build.0 = Release|Any CPU
		{31FF153E-D933-49CA-B89D-DE7F21E0CFDE}.Debug|Any CPU.ActiveCfg = Debug|Any CPU
		{31FF153E-D933-49CA-B89D-DE7F21E0CFDE}.Debug|Any CPU.Build.0 = Debug|Any CPU
		{31FF153E-D933-49CA-B89D-DE7F21E0CFDE}.Release|Any CPU.ActiveCfg = Release|Any CPU
		{31FF153E-D933-49CA-B89D-DE7F21E0CFDE}.Release|Any CPU.Build.0 = Release|Any CPU
		{040894F6-3545-4F33-994B-32108F1C567E}.Debug|Any CPU.ActiveCfg = Debug|Any CPU
		{040894F6-3545-4F33-994B-32108F1C567E}.Debug|Any CPU.Build.0 = Debug|Any CPU
		{040894F6-3545-4F33-994B-32108F1C567E}.Release|Any CPU.ActiveCfg = Release|Any CPU
		{040894F6-3545-4F33-994B-32108F1C567E}.Release|Any CPU.Build.0 = Release|Any CPU
		{4B0A0305-E1EF-4C80-85ED-0500CD3B876E}.Debug|Any CPU.ActiveCfg = Debug|Any CPU
		{4B0A0305-E1EF-4C80-85ED-0500CD3B876E}.Debug|Any CPU.Build.0 = Debug|Any CPU
		{4B0A0305-E1EF-4C80-85ED-0500CD3B876E}.Release|Any CPU.ActiveCfg = Release|Any CPU
		{4B0A0305-E1EF-4C80-85ED-0500CD3B876E}.Release|Any CPU.Build.0 = Release|Any CPU
		{520BA6DB-4476-43F0-9AF2-568841863716}.Debug|Any CPU.ActiveCfg = Debug|Any CPU
		{520BA6DB-4476-43F0-9AF2-568841863716}.Debug|Any CPU.Build.0 = Debug|Any CPU
		{520BA6DB-4476-43F0-9AF2-568841863716}.Release|Any CPU.ActiveCfg = Release|Any CPU
		{520BA6DB-4476-43F0-9AF2-568841863716}.Release|Any CPU.Build.0 = Release|Any CPU
		{07086BB5-1CCE-437A-804E-2C018599D893}.Debug|Any CPU.ActiveCfg = Debug|Any CPU
		{07086BB5-1CCE-437A-804E-2C018599D893}.Debug|Any CPU.Build.0 = Debug|Any CPU
		{07086BB5-1CCE-437A-804E-2C018599D893}.Release|Any CPU.ActiveCfg = Release|Any CPU
		{07086BB5-1CCE-437A-804E-2C018599D893}.Release|Any CPU.Build.0 = Release|Any CPU
		{69AC7FCB-64B5-4E88-A5D8-7E326AFE67C8}.Debug|Any CPU.ActiveCfg = Debug|Any CPU
		{69AC7FCB-64B5-4E88-A5D8-7E326AFE67C8}.Debug|Any CPU.Build.0 = Debug|Any CPU
		{69AC7FCB-64B5-4E88-A5D8-7E326AFE67C8}.Release|Any CPU.ActiveCfg = Release|Any CPU
		{69AC7FCB-64B5-4E88-A5D8-7E326AFE67C8}.Release|Any CPU.Build.0 = Release|Any CPU
		{6B302E32-78BD-4FAF-8244-AD758C589710}.Debug|Any CPU.ActiveCfg = Debug|Any CPU
		{6B302E32-78BD-4FAF-8244-AD758C589710}.Debug|Any CPU.Build.0 = Debug|Any CPU
		{6B302E32-78BD-4FAF-8244-AD758C589710}.Release|Any CPU.ActiveCfg = Release|Any CPU
		{6B302E32-78BD-4FAF-8244-AD758C589710}.Release|Any CPU.Build.0 = Release|Any CPU
		{3B17B0FA-BF3F-4F44-8DF2-29203909557C}.Debug|Any CPU.ActiveCfg = Debug|Any CPU
		{3B17B0FA-BF3F-4F44-8DF2-29203909557C}.Debug|Any CPU.Build.0 = Debug|Any CPU
		{3B17B0FA-BF3F-4F44-8DF2-29203909557C}.Release|Any CPU.ActiveCfg = Release|Any CPU
		{3B17B0FA-BF3F-4F44-8DF2-29203909557C}.Release|Any CPU.Build.0 = Release|Any CPU
		{83F09E24-1544-4AE2-A09D-ED05D8935F97}.Debug|Any CPU.ActiveCfg = Debug|Any CPU
		{83F09E24-1544-4AE2-A09D-ED05D8935F97}.Debug|Any CPU.Build.0 = Debug|Any CPU
		{83F09E24-1544-4AE2-A09D-ED05D8935F97}.Release|Any CPU.ActiveCfg = Release|Any CPU
		{83F09E24-1544-4AE2-A09D-ED05D8935F97}.Release|Any CPU.Build.0 = Release|Any CPU
	EndGlobalSection
	GlobalSection(SolutionProperties) = preSolution
		HideSolutionNode = FALSE
	EndGlobalSection
	GlobalSection(NestedProjects) = preSolution
		{FCE23238-F711-444A-83E6-63CEA6EDEEE4} = {28FCC997-2EE4-4D18-BAA0-96118DFA47BB}
		{FDBBD71D-FA95-47E5-92C0-6D6A2D48C982} = {28FCC997-2EE4-4D18-BAA0-96118DFA47BB}
		{09C88A71-040E-4BBC-8D87-0A73CC6356E8} = {28FCC997-2EE4-4D18-BAA0-96118DFA47BB}
		{A2C149EC-E028-4ABE-B066-9AF501452E24} = {28FCC997-2EE4-4D18-BAA0-96118DFA47BB}
		{7FB3BB3A-27AF-488E-83D1-996E5FD0BC0B} = {28FCC997-2EE4-4D18-BAA0-96118DFA47BB}
		{4054BF1B-D7A2-4DE3-A9D2-E0C8E51B1621} = {28FCC997-2EE4-4D18-BAA0-96118DFA47BB}
		{EFC4155D-2A92-4B16-A40B-79CB09676A6D} = {28FCC997-2EE4-4D18-BAA0-96118DFA47BB}
		{A79362A9-1D82-4918-A6D1-093632D9B0D2} = {28FCC997-2EE4-4D18-BAA0-96118DFA47BB}
		{993C9F56-4C24-47B0-B94E-7FD173B20FB8} = {28FCC997-2EE4-4D18-BAA0-96118DFA47BB}
		{770A6009-3EF6-48A4-9C78-B14D4A5137D3} = {28FCC997-2EE4-4D18-BAA0-96118DFA47BB}
		{1CCDDF06-5DA2-4307-AB65-B61DBF2D8B8D} = {CDE3119A-739A-44B1-8141-448AF0896E6C}
		{A34B4A22-7AAC-47A0-BB17-7056099449C7} = {CDE3119A-739A-44B1-8141-448AF0896E6C}
		{55BB80AC-659F-47BF-BB1C-E5180E8DF47B} = {CDE3119A-739A-44B1-8141-448AF0896E6C}
		{396D3A38-A580-4964-98C8-830C2E4EBF1E} = {CDE3119A-739A-44B1-8141-448AF0896E6C}
		{95D06ED4-9182-48E1-8ED6-F185958893DC} = {CDE3119A-739A-44B1-8141-448AF0896E6C}
		{0C50913E-6E32-42C2-8681-05E0668A2BF4} = {28FCC997-2EE4-4D18-BAA0-96118DFA47BB}
		{31FF153E-D933-49CA-B89D-DE7F21E0CFDE} = {28FCC997-2EE4-4D18-BAA0-96118DFA47BB}
		{040894F6-3545-4F33-994B-32108F1C567E} = {28FCC997-2EE4-4D18-BAA0-96118DFA47BB}
		{4B0A0305-E1EF-4C80-85ED-0500CD3B876E} = {CDE3119A-739A-44B1-8141-448AF0896E6C}
		{520BA6DB-4476-43F0-9AF2-568841863716} = {CDE3119A-739A-44B1-8141-448AF0896E6C}
		{07086BB5-1CCE-437A-804E-2C018599D893} = {CDE3119A-739A-44B1-8141-448AF0896E6C}
		{69AC7FCB-64B5-4E88-A5D8-7E326AFE67C8} = {D3C36B78-868D-4E27-910A-23FD8DB73F00}
		{6B302E32-78BD-4FAF-8244-AD758C589710} = {28FCC997-2EE4-4D18-BAA0-96118DFA47BB}
		{3B17B0FA-BF3F-4F44-8DF2-29203909557C} = {28FCC997-2EE4-4D18-BAA0-96118DFA47BB}
		{83F09E24-1544-4AE2-A09D-ED05D8935F97} = {28FCC997-2EE4-4D18-BAA0-96118DFA47BB}
	EndGlobalSection
	GlobalSection(ExtensibilityGlobals) = postSolution
		SolutionGuid = {2CD56E0F-71CF-44BB-848D-F2A9EA663E45}
	EndGlobalSection
EndGlobal
