
Microsoft Visual Studio Solution File, Format Version 12.00
# Visual Studio Version 16
VisualStudioVersion = 16.0.28729.10
MinimumVisualStudioVersion = 10.0.40219.1
Project("{2150E333-8FDC-42A3-9474-1A3956D46DE8}") = "Solution Items", "Solution Items", "{4C0D8858-DA07-47D5-8260-FFCE5A028B83}"
	ProjectSection(SolutionItems) = preProject
		.editorconfig = .editorconfig
	EndProjectSection
EndProject
Project("{9A19103F-16F7-4668-BE54-9A1E7A4F7556}") = "Omnius.Core.Serialization", "src\Omnius.Core.Serialization\Omnius.Core.Serialization.csproj", "{FDBBD71D-FA95-47E5-92C0-6D6A2D48C982}"
EndProject
Project("{9A19103F-16F7-4668-BE54-9A1E7A4F7556}") = "Omnius.Core.Io", "src\Omnius.Core.Io\Omnius.Core.Io.csproj", "{09C88A71-040E-4BBC-8D87-0A73CC6356E8}"
EndProject
Project("{9A19103F-16F7-4668-BE54-9A1E7A4F7556}") = "Omnius.Core.Network", "src\Omnius.Core.Network\Omnius.Core.Network.csproj", "{7FB3BB3A-27AF-488E-83D1-996E5FD0BC0B}"
EndProject
Project("{9A19103F-16F7-4668-BE54-9A1E7A4F7556}") = "Omnius.Core.Network.Upnp", "src\Omnius.Core.Network.Upnp\Omnius.Core.Network.Upnp.csproj", "{4054BF1B-D7A2-4DE3-A9D2-E0C8E51B1621}"
EndProject
Project("{2150E333-8FDC-42A3-9474-1A3956D46DE8}") = "Tests", "Tests", "{CDE3119A-739A-44B1-8141-448AF0896E6C}"
EndProject
Project("{2150E333-8FDC-42A3-9474-1A3956D46DE8}") = "Sources", "Sources", "{28FCC997-2EE4-4D18-BAA0-96118DFA47BB}"
EndProject
Project("{9A19103F-16F7-4668-BE54-9A1E7A4F7556}") = "Omnius.Core", "src\Omnius.Core\Omnius.Core.csproj", "{770A6009-3EF6-48A4-9C78-B14D4A5137D3}"
EndProject
Project("{9A19103F-16F7-4668-BE54-9A1E7A4F7556}") = "Omnius.Core.Tests", "test\Omnius.Core.Tests\Omnius.Core.Tests.csproj", "{1CCDDF06-5DA2-4307-AB65-B61DBF2D8B8D}"
EndProject
Project("{9A19103F-16F7-4668-BE54-9A1E7A4F7556}") = "Omnius.Core.Serialization.Tests", "test\Omnius.Core.Serialization.Tests\Omnius.Core.Serialization.Tests.csproj", "{55BB80AC-659F-47BF-BB1C-E5180E8DF47B}"
EndProject
Project("{9A19103F-16F7-4668-BE54-9A1E7A4F7556}") = "Omnius.Core.Io.Tests", "test\Omnius.Core.Io.Tests\Omnius.Core.Io.Tests.csproj", "{95D06ED4-9182-48E1-8ED6-F185958893DC}"
EndProject
Project("{9A19103F-16F7-4668-BE54-9A1E7A4F7556}") = "Omnius.Core.Network.Upnp.Tests", "test\Omnius.Core.Network.Upnp.Tests\Omnius.Core.Network.Upnp.Tests.csproj", "{520BA6DB-4476-43F0-9AF2-568841863716}"
EndProject
Project("{9A19103F-16F7-4668-BE54-9A1E7A4F7556}") = "FormatterBenchmarks", "perf\FormatterBenchmarks\FormatterBenchmarks.csproj", "{69AC7FCB-64B5-4E88-A5D8-7E326AFE67C8}"
EndProject
Project("{2150E333-8FDC-42A3-9474-1A3956D46DE8}") = "Benchmarks", "Benchmarks", "{D3C36B78-868D-4E27-910A-23FD8DB73F00}"
EndProject
Project("{9A19103F-16F7-4668-BE54-9A1E7A4F7556}") = "Omnius.Core.Network.Proxies", "src\Omnius.Core.Network.Proxies\Omnius.Core.Network.Proxies.csproj", "{F132831B-F356-4963-8ED0-C86FA5892BA9}"
EndProject
Project("{9A19103F-16F7-4668-BE54-9A1E7A4F7556}") = "Omnius.Core.Cryptography.Tests", "test\Omnius.Core.Cryptography.Tests\Omnius.Core.Cryptography.Tests.csproj", "{A32FA4D9-C273-4CA1-B9A5-BF8886B619D0}"
EndProject
Project("{9A19103F-16F7-4668-BE54-9A1E7A4F7556}") = "Omnius.Core.Network.Tests", "test\Omnius.Core.Network.Tests\Omnius.Core.Network.Tests.csproj", "{CA049E81-F48D-4BBA-A940-379376F9EA5C}"
EndProject
Project("{9A19103F-16F7-4668-BE54-9A1E7A4F7556}") = "Omnius.Core.RocketPack", "src\Omnius.Core.RocketPack\Omnius.Core.RocketPack.csproj", "{F1233829-F1FB-4A68-B8DC-D78E5C1884F6}"
EndProject
Project("{9A19103F-16F7-4668-BE54-9A1E7A4F7556}") = "Omnius.Core.RocketPack.DefinitionCompiler", "src\Omnius.Core.RocketPack.DefinitionCompiler\Omnius.Core.RocketPack.DefinitionCompiler.csproj", "{88985034-568D-4FC8-9ADD-1DF197B6A27F}"
EndProject
Project("{9A19103F-16F7-4668-BE54-9A1E7A4F7556}") = "Omnius.Core.RocketPack.Tests", "test\Omnius.Core.RocketPack.Tests\Omnius.Core.RocketPack.Tests.csproj", "{10D915BB-E216-45D4-9752-3BCD2B826183}"
EndProject
Project("{9A19103F-16F7-4668-BE54-9A1E7A4F7556}") = "Omnius.Core.RocketPack.DefinitionCompiler.Tests", "test\Omnius.Core.RocketPack.DefinitionCompiler.Tests\Omnius.Core.RocketPack.DefinitionCompiler.Tests.csproj", "{4E150C22-D4F8-4BED-9EB4-5CEA32604D33}"
EndProject
Project("{9A19103F-16F7-4668-BE54-9A1E7A4F7556}") = "Omnius.Core.Cryptography", "src\Omnius.Core.Cryptography\Omnius.Core.Cryptography.csproj", "{059B78DE-B5BA-480B-BCB3-82CC18B3E685}"
EndProject
Project("{9A19103F-16F7-4668-BE54-9A1E7A4F7556}") = "Omnius.Core.Collections", "src\Omnius.Core.Collections\Omnius.Core.Collections.csproj", "{463FE98B-5EF0-44D4-821A-C808388D7A61}"
EndProject
Project("{9A19103F-16F7-4668-BE54-9A1E7A4F7556}") = "Omnius.Core.RocketPack.Remoting", "src\Omnius.Core.RocketPack.Remoting\Omnius.Core.RocketPack.Remoting.csproj", "{15F5E8F2-E240-46BF-B533-8D58D4C7769E}"
EndProject
Project("{9A19103F-16F7-4668-BE54-9A1E7A4F7556}") = "Omnius.Core.RocketPack.Remoting.Tests", "test\Omnius.Core.RocketPack.Remoting.Tests\Omnius.Core.RocketPack.Remoting.Tests.csproj", "{E8E1E3A7-1606-425C-AF09-2C37E1774FD1}"
EndProject
Global
	GlobalSection(SolutionConfigurationPlatforms) = preSolution
		Debug|Any CPU = Debug|Any CPU
		Release|Any CPU = Release|Any CPU
	EndGlobalSection
	GlobalSection(ProjectConfigurationPlatforms) = postSolution
		{FDBBD71D-FA95-47E5-92C0-6D6A2D48C982}.Debug|Any CPU.ActiveCfg = Debug|Any CPU
		{FDBBD71D-FA95-47E5-92C0-6D6A2D48C982}.Debug|Any CPU.Build.0 = Debug|Any CPU
		{FDBBD71D-FA95-47E5-92C0-6D6A2D48C982}.Release|Any CPU.ActiveCfg = Release|Any CPU
		{FDBBD71D-FA95-47E5-92C0-6D6A2D48C982}.Release|Any CPU.Build.0 = Release|Any CPU
		{09C88A71-040E-4BBC-8D87-0A73CC6356E8}.Debug|Any CPU.ActiveCfg = Debug|Any CPU
		{09C88A71-040E-4BBC-8D87-0A73CC6356E8}.Debug|Any CPU.Build.0 = Debug|Any CPU
		{09C88A71-040E-4BBC-8D87-0A73CC6356E8}.Release|Any CPU.ActiveCfg = Release|Any CPU
		{09C88A71-040E-4BBC-8D87-0A73CC6356E8}.Release|Any CPU.Build.0 = Release|Any CPU
		{7FB3BB3A-27AF-488E-83D1-996E5FD0BC0B}.Debug|Any CPU.ActiveCfg = Debug|Any CPU
		{7FB3BB3A-27AF-488E-83D1-996E5FD0BC0B}.Debug|Any CPU.Build.0 = Debug|Any CPU
		{7FB3BB3A-27AF-488E-83D1-996E5FD0BC0B}.Release|Any CPU.ActiveCfg = Release|Any CPU
		{7FB3BB3A-27AF-488E-83D1-996E5FD0BC0B}.Release|Any CPU.Build.0 = Release|Any CPU
		{4054BF1B-D7A2-4DE3-A9D2-E0C8E51B1621}.Debug|Any CPU.ActiveCfg = Debug|Any CPU
		{4054BF1B-D7A2-4DE3-A9D2-E0C8E51B1621}.Debug|Any CPU.Build.0 = Debug|Any CPU
		{4054BF1B-D7A2-4DE3-A9D2-E0C8E51B1621}.Release|Any CPU.ActiveCfg = Release|Any CPU
		{4054BF1B-D7A2-4DE3-A9D2-E0C8E51B1621}.Release|Any CPU.Build.0 = Release|Any CPU
		{770A6009-3EF6-48A4-9C78-B14D4A5137D3}.Debug|Any CPU.ActiveCfg = Debug|Any CPU
		{770A6009-3EF6-48A4-9C78-B14D4A5137D3}.Debug|Any CPU.Build.0 = Debug|Any CPU
		{770A6009-3EF6-48A4-9C78-B14D4A5137D3}.Release|Any CPU.ActiveCfg = Release|Any CPU
		{770A6009-3EF6-48A4-9C78-B14D4A5137D3}.Release|Any CPU.Build.0 = Release|Any CPU
		{1CCDDF06-5DA2-4307-AB65-B61DBF2D8B8D}.Debug|Any CPU.ActiveCfg = Debug|Any CPU
		{1CCDDF06-5DA2-4307-AB65-B61DBF2D8B8D}.Debug|Any CPU.Build.0 = Debug|Any CPU
		{1CCDDF06-5DA2-4307-AB65-B61DBF2D8B8D}.Release|Any CPU.ActiveCfg = Release|Any CPU
		{1CCDDF06-5DA2-4307-AB65-B61DBF2D8B8D}.Release|Any CPU.Build.0 = Release|Any CPU
		{55BB80AC-659F-47BF-BB1C-E5180E8DF47B}.Debug|Any CPU.ActiveCfg = Debug|Any CPU
		{55BB80AC-659F-47BF-BB1C-E5180E8DF47B}.Debug|Any CPU.Build.0 = Debug|Any CPU
		{55BB80AC-659F-47BF-BB1C-E5180E8DF47B}.Release|Any CPU.ActiveCfg = Release|Any CPU
		{55BB80AC-659F-47BF-BB1C-E5180E8DF47B}.Release|Any CPU.Build.0 = Release|Any CPU
		{95D06ED4-9182-48E1-8ED6-F185958893DC}.Debug|Any CPU.ActiveCfg = Debug|Any CPU
		{95D06ED4-9182-48E1-8ED6-F185958893DC}.Debug|Any CPU.Build.0 = Debug|Any CPU
		{95D06ED4-9182-48E1-8ED6-F185958893DC}.Release|Any CPU.ActiveCfg = Release|Any CPU
		{95D06ED4-9182-48E1-8ED6-F185958893DC}.Release|Any CPU.Build.0 = Release|Any CPU
		{520BA6DB-4476-43F0-9AF2-568841863716}.Debug|Any CPU.ActiveCfg = Debug|Any CPU
		{520BA6DB-4476-43F0-9AF2-568841863716}.Debug|Any CPU.Build.0 = Debug|Any CPU
		{520BA6DB-4476-43F0-9AF2-568841863716}.Release|Any CPU.ActiveCfg = Release|Any CPU
		{520BA6DB-4476-43F0-9AF2-568841863716}.Release|Any CPU.Build.0 = Release|Any CPU
		{69AC7FCB-64B5-4E88-A5D8-7E326AFE67C8}.Debug|Any CPU.ActiveCfg = Debug|Any CPU
		{69AC7FCB-64B5-4E88-A5D8-7E326AFE67C8}.Debug|Any CPU.Build.0 = Debug|Any CPU
		{69AC7FCB-64B5-4E88-A5D8-7E326AFE67C8}.Release|Any CPU.ActiveCfg = Release|Any CPU
		{69AC7FCB-64B5-4E88-A5D8-7E326AFE67C8}.Release|Any CPU.Build.0 = Release|Any CPU
		{F132831B-F356-4963-8ED0-C86FA5892BA9}.Debug|Any CPU.ActiveCfg = Debug|Any CPU
		{F132831B-F356-4963-8ED0-C86FA5892BA9}.Debug|Any CPU.Build.0 = Debug|Any CPU
		{F132831B-F356-4963-8ED0-C86FA5892BA9}.Release|Any CPU.ActiveCfg = Release|Any CPU
		{F132831B-F356-4963-8ED0-C86FA5892BA9}.Release|Any CPU.Build.0 = Release|Any CPU
		{A32FA4D9-C273-4CA1-B9A5-BF8886B619D0}.Debug|Any CPU.ActiveCfg = Debug|Any CPU
		{A32FA4D9-C273-4CA1-B9A5-BF8886B619D0}.Debug|Any CPU.Build.0 = Debug|Any CPU
		{A32FA4D9-C273-4CA1-B9A5-BF8886B619D0}.Release|Any CPU.ActiveCfg = Release|Any CPU
		{A32FA4D9-C273-4CA1-B9A5-BF8886B619D0}.Release|Any CPU.Build.0 = Release|Any CPU
		{CA049E81-F48D-4BBA-A940-379376F9EA5C}.Debug|Any CPU.ActiveCfg = Debug|Any CPU
		{CA049E81-F48D-4BBA-A940-379376F9EA5C}.Debug|Any CPU.Build.0 = Debug|Any CPU
		{CA049E81-F48D-4BBA-A940-379376F9EA5C}.Release|Any CPU.ActiveCfg = Release|Any CPU
		{CA049E81-F48D-4BBA-A940-379376F9EA5C}.Release|Any CPU.Build.0 = Release|Any CPU
		{F1233829-F1FB-4A68-B8DC-D78E5C1884F6}.Debug|Any CPU.ActiveCfg = Debug|Any CPU
		{F1233829-F1FB-4A68-B8DC-D78E5C1884F6}.Debug|Any CPU.Build.0 = Debug|Any CPU
		{F1233829-F1FB-4A68-B8DC-D78E5C1884F6}.Release|Any CPU.ActiveCfg = Release|Any CPU
		{F1233829-F1FB-4A68-B8DC-D78E5C1884F6}.Release|Any CPU.Build.0 = Release|Any CPU
		{88985034-568D-4FC8-9ADD-1DF197B6A27F}.Debug|Any CPU.ActiveCfg = Debug|Any CPU
		{88985034-568D-4FC8-9ADD-1DF197B6A27F}.Debug|Any CPU.Build.0 = Debug|Any CPU
		{88985034-568D-4FC8-9ADD-1DF197B6A27F}.Release|Any CPU.ActiveCfg = Release|Any CPU
		{88985034-568D-4FC8-9ADD-1DF197B6A27F}.Release|Any CPU.Build.0 = Release|Any CPU
		{10D915BB-E216-45D4-9752-3BCD2B826183}.Debug|Any CPU.ActiveCfg = Debug|Any CPU
		{10D915BB-E216-45D4-9752-3BCD2B826183}.Debug|Any CPU.Build.0 = Debug|Any CPU
		{10D915BB-E216-45D4-9752-3BCD2B826183}.Release|Any CPU.ActiveCfg = Release|Any CPU
		{10D915BB-E216-45D4-9752-3BCD2B826183}.Release|Any CPU.Build.0 = Release|Any CPU
		{4E150C22-D4F8-4BED-9EB4-5CEA32604D33}.Debug|Any CPU.ActiveCfg = Debug|Any CPU
		{4E150C22-D4F8-4BED-9EB4-5CEA32604D33}.Debug|Any CPU.Build.0 = Debug|Any CPU
		{4E150C22-D4F8-4BED-9EB4-5CEA32604D33}.Release|Any CPU.ActiveCfg = Release|Any CPU
		{4E150C22-D4F8-4BED-9EB4-5CEA32604D33}.Release|Any CPU.Build.0 = Release|Any CPU
		{059B78DE-B5BA-480B-BCB3-82CC18B3E685}.Debug|Any CPU.ActiveCfg = Debug|Any CPU
		{059B78DE-B5BA-480B-BCB3-82CC18B3E685}.Debug|Any CPU.Build.0 = Debug|Any CPU
		{059B78DE-B5BA-480B-BCB3-82CC18B3E685}.Release|Any CPU.ActiveCfg = Release|Any CPU
		{059B78DE-B5BA-480B-BCB3-82CC18B3E685}.Release|Any CPU.Build.0 = Release|Any CPU
		{463FE98B-5EF0-44D4-821A-C808388D7A61}.Debug|Any CPU.ActiveCfg = Debug|Any CPU
		{463FE98B-5EF0-44D4-821A-C808388D7A61}.Debug|Any CPU.Build.0 = Debug|Any CPU
		{463FE98B-5EF0-44D4-821A-C808388D7A61}.Release|Any CPU.ActiveCfg = Release|Any CPU
		{463FE98B-5EF0-44D4-821A-C808388D7A61}.Release|Any CPU.Build.0 = Release|Any CPU
		{15F5E8F2-E240-46BF-B533-8D58D4C7769E}.Debug|Any CPU.ActiveCfg = Debug|Any CPU
		{15F5E8F2-E240-46BF-B533-8D58D4C7769E}.Debug|Any CPU.Build.0 = Debug|Any CPU
		{15F5E8F2-E240-46BF-B533-8D58D4C7769E}.Release|Any CPU.ActiveCfg = Release|Any CPU
		{15F5E8F2-E240-46BF-B533-8D58D4C7769E}.Release|Any CPU.Build.0 = Release|Any CPU
		{E8E1E3A7-1606-425C-AF09-2C37E1774FD1}.Debug|Any CPU.ActiveCfg = Debug|Any CPU
		{E8E1E3A7-1606-425C-AF09-2C37E1774FD1}.Debug|Any CPU.Build.0 = Debug|Any CPU
		{E8E1E3A7-1606-425C-AF09-2C37E1774FD1}.Release|Any CPU.ActiveCfg = Release|Any CPU
		{E8E1E3A7-1606-425C-AF09-2C37E1774FD1}.Release|Any CPU.Build.0 = Release|Any CPU
	EndGlobalSection
	GlobalSection(SolutionProperties) = preSolution
		HideSolutionNode = FALSE
	EndGlobalSection
	GlobalSection(NestedProjects) = preSolution
		{FDBBD71D-FA95-47E5-92C0-6D6A2D48C982} = {28FCC997-2EE4-4D18-BAA0-96118DFA47BB}
		{09C88A71-040E-4BBC-8D87-0A73CC6356E8} = {28FCC997-2EE4-4D18-BAA0-96118DFA47BB}
		{7FB3BB3A-27AF-488E-83D1-996E5FD0BC0B} = {28FCC997-2EE4-4D18-BAA0-96118DFA47BB}
		{4054BF1B-D7A2-4DE3-A9D2-E0C8E51B1621} = {28FCC997-2EE4-4D18-BAA0-96118DFA47BB}
		{770A6009-3EF6-48A4-9C78-B14D4A5137D3} = {28FCC997-2EE4-4D18-BAA0-96118DFA47BB}
		{1CCDDF06-5DA2-4307-AB65-B61DBF2D8B8D} = {CDE3119A-739A-44B1-8141-448AF0896E6C}
		{55BB80AC-659F-47BF-BB1C-E5180E8DF47B} = {CDE3119A-739A-44B1-8141-448AF0896E6C}
		{95D06ED4-9182-48E1-8ED6-F185958893DC} = {CDE3119A-739A-44B1-8141-448AF0896E6C}
		{520BA6DB-4476-43F0-9AF2-568841863716} = {CDE3119A-739A-44B1-8141-448AF0896E6C}
		{69AC7FCB-64B5-4E88-A5D8-7E326AFE67C8} = {D3C36B78-868D-4E27-910A-23FD8DB73F00}
		{F132831B-F356-4963-8ED0-C86FA5892BA9} = {28FCC997-2EE4-4D18-BAA0-96118DFA47BB}
		{A32FA4D9-C273-4CA1-B9A5-BF8886B619D0} = {CDE3119A-739A-44B1-8141-448AF0896E6C}
		{CA049E81-F48D-4BBA-A940-379376F9EA5C} = {CDE3119A-739A-44B1-8141-448AF0896E6C}
		{F1233829-F1FB-4A68-B8DC-D78E5C1884F6} = {28FCC997-2EE4-4D18-BAA0-96118DFA47BB}
		{88985034-568D-4FC8-9ADD-1DF197B6A27F} = {28FCC997-2EE4-4D18-BAA0-96118DFA47BB}
		{10D915BB-E216-45D4-9752-3BCD2B826183} = {CDE3119A-739A-44B1-8141-448AF0896E6C}
		{4E150C22-D4F8-4BED-9EB4-5CEA32604D33} = {CDE3119A-739A-44B1-8141-448AF0896E6C}
		{059B78DE-B5BA-480B-BCB3-82CC18B3E685} = {28FCC997-2EE4-4D18-BAA0-96118DFA47BB}
		{463FE98B-5EF0-44D4-821A-C808388D7A61} = {28FCC997-2EE4-4D18-BAA0-96118DFA47BB}
		{15F5E8F2-E240-46BF-B533-8D58D4C7769E} = {28FCC997-2EE4-4D18-BAA0-96118DFA47BB}
		{E8E1E3A7-1606-425C-AF09-2C37E1774FD1} = {CDE3119A-739A-44B1-8141-448AF0896E6C}
	EndGlobalSection
	GlobalSection(ExtensibilityGlobals) = postSolution
		SolutionGuid = {2CD56E0F-71CF-44BB-848D-F2A9EA663E45}
	EndGlobalSection
EndGlobal
