{
  "version": 1,
  "dependencies": {
    ".NETCoreApp,Version=v2.2": {
      "Microsoft.NETCore.App": {
        "type": "Direct",
        "requested": "[2.2.0, )",
        "resolved": "2.2.0",
        "contentHash": "QU8taCyeyePwatrj+h+750lMnsPCq3YPaGmsdtSHXPCjDyjto2KT7QDNVet0oRliX4PjaINpyg0Yzd9DnQ/Wkw==",
        "dependencies": {
          "Microsoft.NETCore.DotNetHostPolicy": "2.2.0",
          "Microsoft.NETCore.Platforms": "2.2.0",
          "Microsoft.NETCore.Targets": "2.0.0",
          "NETStandard.Library": "2.0.3"
        }
      },
      "Microsoft.SourceLink.GitHub": {
        "type": "Direct",
        "requested": "[1.0.0-beta2-18618-05, )",
        "resolved": "1.0.0-beta2-18618-05",
        "contentHash": "MTBBSI7ggTcnULTFLmud9Qp/SLjyrOlFijJXjMXHSe+3JGMCZeYF4tUNKQwQ989+7gR0nlQMhin63mJB0Tmb6g==",
        "dependencies": {
          "Microsoft.Build.Tasks.Git": "1.0.0-beta2-18618-05",
          "Microsoft.SourceLink.Common": "1.0.0-beta2-18618-05"
        }
      },
      "NLog": {
        "type": "Direct",
        "requested": "[4.6.5, )",
        "resolved": "4.6.5",
        "contentHash": "DTVz1+irQo7IyXLwaGUj/jteTeCK5ZINZ92kzU+WKD6GQvObI53/CXj4mU88Hx2Z9QsvIjLhhPV3lAVdDK8ULg=="
      },
      "Microsoft.Build.Tasks.Git": {
        "type": "Transitive",
        "resolved": "1.0.0-beta2-18618-05",
        "contentHash": "GcxvC20U34k0LNBHxpvO1Nl3YjAbgU3oBn7BxyI6+woB4I0lryHu8bvp4SSRYXF6V2p6QueLw0hPtvaBSa6+5w=="
      },
      "Microsoft.NETCore.DotNetAppHost": {
        "type": "Transitive",
        "resolved": "2.2.0",
        "contentHash": "OK/H8p9Ig6mLMITjXJ4VOewrJg/TU+dAPHE4BdMWMv+8COzBehf7XF1+DofKkmqdHpO2cJoS5Sc9PEZ6PKCbsg=="
      },
      "Microsoft.NETCore.DotNetHostPolicy": {
        "type": "Transitive",
        "resolved": "2.2.0",
        "contentHash": "5Xvh/3bDr6YAl6TKfeONvRDZ9QOmvVmzFzA0M6g8uubWdf5/o6qdVOqByFBT/fhjVb6okP0E5+v1oxh1Pk+c+w==",
        "dependencies": {
          "Microsoft.NETCore.DotNetHostResolver": "2.2.0"
        }
      },
      "Microsoft.NETCore.DotNetHostResolver": {
        "type": "Transitive",
        "resolved": "2.2.0",
        "contentHash": "Q3j3KC2ugqIVasf7pO4NRDEn7GysZX3ZH6fAHfbjrP8cYXY9cmHeFcbaniw36q8kFhsPt2EnRHzSsLBpbG6l2Q==",
        "dependencies": {
          "Microsoft.NETCore.DotNetAppHost": "2.2.0"
        }
      },
      "Microsoft.NETCore.Platforms": {
        "type": "Transitive",
        "resolved": "2.2.0",
        "contentHash": "39+GVHdbm+cmoOjdvm+fhiMbddnuVyUlBdYS8Yhn5xsNaBoTXpgBsxQQlI2Sv9EjIP0F+itG6yrDaOM2OEGupQ=="
      },
      "Microsoft.NETCore.Targets": {
        "type": "Transitive",
        "resolved": "2.0.0",
        "contentHash": "odP/tJj1z6GylFpNo7pMtbd/xQgTC3Ex2If63dRTL38bBNMwsBnJ+RceUIyHdRBC0oik/3NehYT+oECwBhIM3Q=="
      },
      "Microsoft.SourceLink.Common": {
        "type": "Transitive",
        "resolved": "1.0.0-beta2-18618-05",
        "contentHash": "obLbR9apXZwID0woyykZzhUuU+K4xyLKwyZ8HKSW/SKd7wfywQ19ei6i4MM+ieVF0S7QJQFxGvuTWPlEBsFF6A=="
      },
      "NETStandard.Library": {
        "type": "Transitive",
        "resolved": "2.0.3",
        "contentHash": "st47PosZSHrjECdjeIzZQbzivYBJFv6P2nv4cj2ypdI204DO+vZ7l5raGMiX4eXMJ53RfOIg+/s4DHVZ54Nu2A==",
        "dependencies": {
          "Microsoft.NETCore.Platforms": "1.1.0"
        }
      },
      "System.IO.Pipelines": {
        "type": "Transitive",
        "resolved": "4.5.3",
        "contentHash": "k6Ac5MuJ/GbFo7l/bB0Bxg0JxHReDi19eW1wuDGIy/iSIAJob0cNHChvILde/v4fdX1ZNmL2Nr7axKG21wbNLw=="
      },
      "omnix.base": {
        "type": "Project",
        "dependencies": {
          "NLog": "4.6.5",
          "System.IO.Pipelines": "4.5.3"
        }
      },
      "omnix.io": {
        "type": "Project",
        "dependencies": {
          "NLog": "4.6.5",
          "Omnix.Base": "0.0.1-alpha.5"
        }
      },
      "omnix.serialization": {
        "type": "Project",
        "dependencies": {
          "NLog": "4.6.5",
          "Omnix.Base": "0.0.1-alpha.5",
          "System.IO.Pipelines": "4.5.3"
        }
      }
    }
  }
}