{
  "version": 1,
  "dependencies": {
    ".NETCoreApp,Version=v5.0": {
      "DiffPlex": {
        "type": "Direct",
        "requested": "[1.6.3, )",
        "resolved": "1.6.3",
        "contentHash": "4xTya9zoggi4I1srnLfUMjx+7J0xXRjeRcmXrgryIfQvV9Q2LX1koOxoYaHyURssryF4YIdEzOum9sTdYOPTRQ=="
      },
      "NLog": {
        "type": "Direct",
        "requested": "[4.7.4, )",
        "resolved": "4.7.4",
        "contentHash": "gSGX/ur0P3jp17H37HW7ycXR6L1578tQbilf4HLX1t2viCDFgtwEsfHMPf0/jcuf7/qqGgoU/vKgyQ9hzxuOEQ=="
      },
      "StyleCop.Analyzers": {
        "type": "Direct",
        "requested": "[1.1.118, )",
        "resolved": "1.1.118",
        "contentHash": "Onx6ovGSqXSK07n/0eM3ZusiNdB6cIlJdabQhWGgJp3Vooy9AaLS/tigeybOJAobqbtggTamoWndz72JscZBvw=="
      },
      "System.Text.Json": {
        "type": "Direct",
        "requested": "[4.7.2, )",
        "resolved": "4.7.2",
        "contentHash": "TcMd95wcrubm9nHvJEQs70rC0H/8omiSGGpU4FQ/ZA1URIqD4pjmFJh2Mfv1yH1eHgJDWTi2hMDXwTET+zOOyg=="
      }
    }
  }
}